PODS:
  - AFHTTPRequestOperationLogger (0.10.0):
    - AFNetworking (>= 0.9.0)
  - AFNetworking (1.2.1)
  - Cloudinary (1.0.2):
    - SBJson (~> 3.2)
  - DCIntrospect (0.0.2)
  - ISO8601DateFormatter (0.6)
  - JRSwizzle (1.0)
  - Kiwi (2.0.6)
  - libextobjc/EXTConcreteProtocol (0.2.5):
    - libextobjc/RuntimeExtensions
  - libextobjc/EXTKeyPathCoding (0.2.5):
    - libextobjc/RuntimeExtensions
  - libextobjc/EXTScope (0.2.5):
    - libextobjc/RuntimeExtensions
  - libextobjc/RuntimeExtensions (0.2.5)
  - Mantle (1.0):
    - libextobjc/EXTKeyPathCoding
    - libextobjc/EXTScope
  - NoticeView (3.0.6)
  - ReactiveCocoa (1.8.0):
    - ReactiveCocoa/Core
    - ReactiveCocoa/RACExtensions
  - ReactiveCocoa/Core (1.8.0):
    - JRSwizzle (~> 1.0)
    - libextobjc/EXTConcreteProtocol (~> 0.2.5)
    - libextobjc/EXTKeyPathCoding (~> 0.2.5)
    - libextobjc/EXTScope (~> 0.2.5)
  - ReactiveCocoa/RACExtensions (1.8.0):
    - ReactiveCocoa/Core
  - SBJson (3.2)
  - TestFlightSDK (1.3.0.beta2)

DEPENDENCIES:
  - AFHTTPRequestOperationLogger
  - AFNetworking
  - Cloudinary
  - DCIntrospect
  - ISO8601DateFormatter
  - Kiwi
  - Mantle
  - NoticeView
  - ReactiveCocoa
  - TestFlightSDK

SPEC CHECKSUMS:
  AFHTTPRequestOperationLogger: 34ba125cb9eeb77a3b67aaaca105720ba3a0798c
  AFNetworking: a44069e3c9c89867544f6639482f155c7e5f9b41
  Cloudinary: 16168b297cab66eac1a07e3e5301adf6429a486d
  DCIntrospect: 2f5cab0b58b170459ebcb200f59042306fcb0c0d
  ISO8601DateFormatter: 077ce9d8cfba171bc1ced6cba0d2ae4aefab7619
  JRSwizzle: 6242ff38485d870fc2636899048ee1ab883ae587
  Kiwi: 56082a80f942de4d10423d8d8a599ab30cf50228
  libextobjc: 2cbc74caf8bdc74a86fdf24673f773c83424ea98
  Mantle: aa9860e40cc365a094ef60fec46848fee7b03ca7
  NoticeView: 16bb529beb669dd8f27f1dc9c63b8d006cf89ad1
  ReactiveCocoa: b2432a2a054d7cf54d860db3977020b943f8edcf
  SBJson: e60b4dc22448c2ae1e754b523a4ab53408e85c8d
  TestFlightSDK: 185b9bfd710bfb85ce5f57bcb89651330081090f

COCOAPODS: 0.22.2
