PODS:
  - AFHTTPRequestOperationLogger (1.0.0):
    - AFNetworking (~> 1.0)
  - AFNetworking (1.3.2)
  - Cloudinary (1.0.6)
  - GoogleAnalytics-iOS-SDK (3.0)
  - ISO8601DateFormatter (0.6)
  - Kiwi (2.2.1):
    - Kiwi/ARC
    - Kiwi/NonARC
  - Kiwi/ARC (2.2.1)
  - Kiwi/NonARC (2.2.1)
  - Mantle (1.2):
    - Mantle/extobjc
  - Mantle/extobjc (1.2)
  - Masonry (0.2.4)
  - NoticeView (3.0.7)
  - TestFlightSDK (2.0)

DEPENDENCIES:
  - AFHTTPRequestOperationLogger
  - AFNetworking (= 1.3.2)
  - Cloudinary
  - GoogleAnalytics-iOS-SDK
  - ISO8601DateFormatter
  - Kiwi
  - Mantle
  - Masonry
  - NoticeView
  - TestFlightSDK

SPEC CHECKSUMS:
  AFHTTPRequestOperationLogger: c6ad1f4bfd64fc9a8dbe94c8489420d195f15cb0
  AFNetworking: 7f9bcd7c287a75476cd5c61e82fd3380e93e4c54
  Cloudinary: b7cc6d3dd6d4814f1512d6fafc212d693e71a17b
  GoogleAnalytics-iOS-SDK: f8d5faf4862b679667be0c270531a189572275d1
  ISO8601DateFormatter: 72ad8f5b4f51bd8fb317d7284c32fee5f54a6584
  Kiwi: e6524ba0eaa1b28af7af146bdee5314b32aa3edb
  Mantle: f5b5cba1b112273fe3bb4433cdcf1da76203c2b4
  Masonry: 73df2f346bd1a0044dc9de969aa45aea2f8a9bd8
  NoticeView: f885ce90b53dacce3b19f2d5e95c6db68fe4e45d
  TestFlightSDK: 940906d4b2550cf397c6f2d2fcc4ebfdcd8ae858

COCOAPODS: 0.27.1
