// !$*UTF8*$!
{
	archiveVersion = 1;
	classes = {
	};
	objectVersion = 46;
	objects = {

/* Begin PBXBuildFile section */
		1A86D59268EF4D8C8A67442B /* libPods-KiwiUnitTest.a in Frameworks */ = {isa = PBXBuildFile; fileRef = DD42F235B7AD4535AB41FD22 /* libPods-KiwiUnitTest.a */; };
		2DC18051B6EE4E2AAE5D31AC /* Incident+Open311.m in Sources */ = {isa = PBXBuildFile; fileRef = 2DC1887E0454BA205B53AC49 /* Incident+Open311.m */; };
		2DC18079D372B6042178CF88 /* IncidentCategory.m in Sources */ = {isa = PBXBuildFile; fileRef = 2DC187887B871227C6EE0E65 /* IncidentCategory.m */; };
		2DC180A5634FDDC4DA4927F8 /* ResilientUploader.m in Sources */ = {isa = PBXBuildFile; fileRef = 2DC18DC3A352C814191BB654 /* ResilientUploader.m */; };
		2DC180B1DB8B35BA05C5BEB0 /* DataStore.m in Sources */ = {isa = PBXBuildFile; fileRef = 2DC18FB1A3F46270905E24CD /* DataStore.m */; };
		2DC18151574C53C67F546947 /* NSDictionary+TypedAccess.m in Sources */ = {isa = PBXBuildFile; fileRef = 2DC1844B98A1F503F7F98BA1 /* NSDictionary+TypedAccess.m */; };
		2DC18258FD9DDF558C3C3F91 /* RootViewController.m in Sources */ = {isa = PBXBuildFile; fileRef = 2DC18D5AE40EEA58FF035E16 /* RootViewController.m */; };
		2DC184AB509191A152B1DDDD /* NSDictionary+TypedAccess.m in Sources */ = {isa = PBXBuildFile; fileRef = 2DC1844B98A1F503F7F98BA1 /* NSDictionary+TypedAccess.m */; };
		2DC184B255539A1743B9A2D9 /* IncidentAdapter.m in Sources */ = {isa = PBXBuildFile; fileRef = 2DC181A7E525EF4C93715683 /* IncidentAdapter.m */; };
		2DC184B82CA6CB57037A1515 /* ProfileViewController.m in Sources */ = {isa = PBXBuildFile; fileRef = 2DC187ED05926DE77CFFBBAA /* ProfileViewController.m */; };
		2DC184F50FA121D494252633 /* ParseClient.m in Sources */ = {isa = PBXBuildFile; fileRef = 2DC1807D58B75EBE487FA664 /* ParseClient.m */; };
		2DC184F89978579B4AFDE88D /* Open311Client.m in Sources */ = {isa = PBXBuildFile; fileRef = 2DC182961AE33B44B1F26C47 /* Open311Client.m */; };
		2DC1855A00FAA51B59693059 /* UITextField+Form.m in Sources */ = {isa = PBXBuildFile; fileRef = 2DC183FFFCA19910EDB72F02 /* UITextField+Form.m */; };
		2DC1859CDD588300762758C1 /* Profile.m in Sources */ = {isa = PBXBuildFile; fileRef = 2DC183CAED282CEFF60E7417 /* Profile.m */; };
		2DC1860B8A3CD2D1915D8D26 /* ServiceRequest.m in Sources */ = {isa = PBXBuildFile; fileRef = 2DC181D85F53DBF8F6CC5BAB /* ServiceRequest.m */; };
		2DC1866F633CC10299DCD224 /* Open311Client.m in Sources */ = {isa = PBXBuildFile; fileRef = 2DC182961AE33B44B1F26C47 /* Open311Client.m */; };
		2DC186DF5FE3CFA047FE1EFA /* IncidentCategory+Waypoint.m in Sources */ = {isa = PBXBuildFile; fileRef = 2DC18E792BE1EAAFEF6B225A /* IncidentCategory+Waypoint.m */; };
		2DC186FD5177739C9EA79A08 /* Profile.m in Sources */ = {isa = PBXBuildFile; fileRef = 2DC183CAED282CEFF60E7417 /* Profile.m */; };
		2DC187093F64DFD4B46EC12D /* AddIncidentViewController.m in Sources */ = {isa = PBXBuildFile; fileRef = 2DC180F4C030BF445539152A /* AddIncidentViewController.m */; };
		2DC187F17BC56D25002EA972 /* UITextField+Resilience.m in Sources */ = {isa = PBXBuildFile; fileRef = 2DC18B2D4F1831DEEC671AFB /* UITextField+Resilience.m */; };
		2DC18845B38FA0078F93B08E /* IncidentCategoryAdapter.m in Sources */ = {isa = PBXBuildFile; fileRef = 2DC18C18E1AA39C62074DD60 /* IncidentCategoryAdapter.m */; };
		2DC188ABEDD3F4558E87E71E /* CloudinaryClient.m in Sources */ = {isa = PBXBuildFile; fileRef = 2DC1878A146A6C5AC412BEF9 /* CloudinaryClient.m */; };
		2DC188C57E041B99387D5A5A /* Client.m in Sources */ = {isa = PBXBuildFile; fileRef = 2DC18D290BA8F5FC680BE957 /* Client.m */; };
		2DC1894DABAFE5245A7CC37A /* DataStore.m in Sources */ = {isa = PBXBuildFile; fileRef = 2DC18FB1A3F46270905E24CD /* DataStore.m */; };
		2DC1894F3557894829DE53B3 /* UIView+WSLoading.m in Sources */ = {isa = PBXBuildFile; fileRef = 2DC18FD9FA6AA3804B32FDF7 /* UIView+WSLoading.m */; };
		2DC18959D9F57F94AF1540A4 /* Incident.m in Sources */ = {isa = PBXBuildFile; fileRef = 2DC18F94C37BC75BD6209AA1 /* Incident.m */; };
		2DC1898D6DB2CA74F8C0F974 /* DetailSelectionController.m in Sources */ = {isa = PBXBuildFile; fileRef = 2DC182A591A90D5D1E2DC23E /* DetailSelectionController.m */; };
		2DC189A31ED17A5245C3ED39 /* ServiceRequest.m in Sources */ = {isa = PBXBuildFile; fileRef = 2DC181D85F53DBF8F6CC5BAB /* ServiceRequest.m */; };
		2DC18A2B60EAB74BA3A4B91F /* IncidentCell.m in Sources */ = {isa = PBXBuildFile; fileRef = 2DC18C74E4CAEA46175AF113 /* IncidentCell.m */; };
		2DC18A2CC04FE515FE102763 /* UIImage+FixRotation.m in Sources */ = {isa = PBXBuildFile; fileRef = 2DC18B14F523E60D70A3C5B6 /* UIImage+FixRotation.m */; };
		2DC18AA55CFBAFBE51A44570 /* ResilientUploader.m in Sources */ = {isa = PBXBuildFile; fileRef = 2DC18DC3A352C814191BB654 /* ResilientUploader.m */; };
		2DC18ABCE849713F0216B4C7 /* IncidentFooter.m in Sources */ = {isa = PBXBuildFile; fileRef = 2DC186CE858398FA277F07DB /* IncidentFooter.m */; };
		2DC18ABF28E735DB4374AE13 /* IncidentAdapter.m in Sources */ = {isa = PBXBuildFile; fileRef = 2DC181A7E525EF4C93715683 /* IncidentAdapter.m */; };
		2DC18B1FF67341F20CFD8C43 /* Client.m in Sources */ = {isa = PBXBuildFile; fileRef = 2DC18D290BA8F5FC680BE957 /* Client.m */; };
		2DC18B32746F47D13E88E493 /* Incident+Open311.m in Sources */ = {isa = PBXBuildFile; fileRef = 2DC1887E0454BA205B53AC49 /* Incident+Open311.m */; };
		2DC18BACA06B30EC5B56EE43 /* UITableViewCell+Form.m in Sources */ = {isa = PBXBuildFile; fileRef = 2DC181A1CC07036C5C3F01E5 /* UITableViewCell+Form.m */; };
		2DC18E40A15187A376822547 /* Service.m in Sources */ = {isa = PBXBuildFile; fileRef = 2DC18287279BE2ABF06DC268 /* Service.m */; };
		2DC18E45DB4B195DF781B617 /* UIColor+Resilience.m in Sources */ = {isa = PBXBuildFile; fileRef = 2DC18E4EE87A9F37816EE348 /* UIColor+Resilience.m */; };
		2DC18FCD4B4D89F22A613BA4 /* Service.m in Sources */ = {isa = PBXBuildFile; fileRef = 2DC18287279BE2ABF06DC268 /* Service.m */; };
		36006BB38007457FAB707F62 /* libPods.a in Frameworks */ = {isa = PBXBuildFile; fileRef = C1FC1857335340F486B2BB90 /* libPods.a */; };
		8927C79D166ADDC500D501B5 /* IssueViewController.m in Sources */ = {isa = PBXBuildFile; fileRef = 8927C79C166ADDC500D501B5 /* IssueViewController.m */; };
		8927C7B5166AE61800D501B5 /* ImageIO.framework in Frameworks */ = {isa = PBXBuildFile; fileRef = 8927C7B4166AE61800D501B5 /* ImageIO.framework */; };
		A1044B14165CCB71002DC3E1 /* SenTestingKit.framework in Frameworks */ = {isa = PBXBuildFile; fileRef = FBB1CDE815C3F3E4000D168E /* SenTestingKit.framework */; };
		A1044B15165CCB71002DC3E1 /* UIKit.framework in Frameworks */ = {isa = PBXBuildFile; fileRef = FBB1CDBC15C3F3E4000D168E /* UIKit.framework */; };
		A1044B16165CCB71002DC3E1 /* Foundation.framework in Frameworks */ = {isa = PBXBuildFile; fileRef = FBB1CDBE15C3F3E4000D168E /* Foundation.framework */; };
		A1044B1C165CCB71002DC3E1 /* InfoPlist.strings in Resources */ = {isa = PBXBuildFile; fileRef = A1044B1A165CCB71002DC3E1 /* InfoPlist.strings */; };
		A1044B34165CD18D002DC3E1 /* config-release.xcconfig in Resources */ = {isa = PBXBuildFile; fileRef = A1044B31165CD18C002DC3E1 /* config-release.xcconfig */; };
		A1044B35165CD18D002DC3E1 /* config-debug.xcconfig in Resources */ = {isa = PBXBuildFile; fileRef = A1044B32165CD18C002DC3E1 /* config-debug.xcconfig */; };
		A1044B36165CD18D002DC3E1 /* config-common.xcconfig in Resources */ = {isa = PBXBuildFile; fileRef = A1044B33165CD18D002DC3E1 /* config-common.xcconfig */; };
		A1044B85165CDA42002DC3E1 /* ResillienceSpec.m in Sources */ = {isa = PBXBuildFile; fileRef = A1044B84165CDA42002DC3E1 /* ResillienceSpec.m */; };
		A1419A1116C60DC30004FA1C /* Assets in Resources */ = {isa = PBXBuildFile; fileRef = A1419A1016C60DC30004FA1C /* Assets */; };
		A1419A1316C60DD20004FA1C /* Icon@2x.png in Resources */ = {isa = PBXBuildFile; fileRef = A1419A1216C60DD20004FA1C /* Icon@2x.png */; };
		A1419A1516C60DD60004FA1C /* Icon.png in Resources */ = {isa = PBXBuildFile; fileRef = A1419A1416C60DD60004FA1C /* Icon.png */; };
		A17CE86317194D2F00AF2EA1 /* Default-568h@2x.png in Resources */ = {isa = PBXBuildFile; fileRef = A17CE86217194D2F00AF2EA1 /* Default-568h@2x.png */; };
		A1DDA47D16661980003A21C0 /* IssueMapViewController.m in Sources */ = {isa = PBXBuildFile; fileRef = A1DDA47A16661980003A21C0 /* IssueMapViewController.m */; };
		A1DDA47E16661980003A21C0 /* IssueListViewController.m in Sources */ = {isa = PBXBuildFile; fileRef = A1DDA47C16661980003A21C0 /* IssueListViewController.m */; };
		A1DDA5771668DDFE003A21C0 /* QuartzCore.framework in Frameworks */ = {isa = PBXBuildFile; fileRef = A1DDA5761668DDFE003A21C0 /* QuartzCore.framework */; };
		A1DDA5A21669C45F003A21C0 /* SystemConfiguration.framework in Frameworks */ = {isa = PBXBuildFile; fileRef = A1DDA5A01669C3F9003A21C0 /* SystemConfiguration.framework */; };
		A1DDA5A41669C591003A21C0 /* MobileCoreServices.framework in Frameworks */ = {isa = PBXBuildFile; fileRef = A1DDA5A31669C591003A21C0 /* MobileCoreServices.framework */; };
		CD85230F3A9597F63A355DA2 /* IncidentHeader.m in Sources */ = {isa = PBXBuildFile; fileRef = CD8522CE4F2E9C3C569F5F72 /* IncidentHeader.m */; };
		FB1EA1221669E2F7002B93EF /* MapKit.framework in Frameworks */ = {isa = PBXBuildFile; fileRef = FB1EA1211669E2F6002B93EF /* MapKit.framework */; };
		FB1EA1271669E38D002B93EF /* WaypointAnnotation.m in Sources */ = {isa = PBXBuildFile; fileRef = FB1EA1261669E38D002B93EF /* WaypointAnnotation.m */; };
		FB1EA1341669E39B002B93EF /* Annotation.m in Sources */ = {isa = PBXBuildFile; fileRef = FB1EA12A1669E39B002B93EF /* Annotation.m */; };
		FB1EA1351669E39B002B93EF /* color.png in Resources */ = {isa = PBXBuildFile; fileRef = FB1EA12B1669E39B002B93EF /* color.png */; };
		FB1EA1361669E39B002B93EF /* color@2x.png in Resources */ = {isa = PBXBuildFile; fileRef = FB1EA12C1669E39B002B93EF /* color@2x.png */; };
		FB1EA1371669E39B002B93EF /* README.md in Resources */ = {isa = PBXBuildFile; fileRef = FB1EA12D1669E39B002B93EF /* README.md */; };
		FB1EA1381669E39B002B93EF /* shading.png in Resources */ = {isa = PBXBuildFile; fileRef = FB1EA12E1669E39B002B93EF /* shading.png */; };
		FB1EA1391669E39B002B93EF /* shading@2x.png in Resources */ = {isa = PBXBuildFile; fileRef = FB1EA12F1669E39B002B93EF /* shading@2x.png */; };
		FB1EA13A1669E39B002B93EF /* stick.png in Resources */ = {isa = PBXBuildFile; fileRef = FB1EA1301669E39B002B93EF /* stick.png */; };
		FB1EA13B1669E39B002B93EF /* stick@2x.png in Resources */ = {isa = PBXBuildFile; fileRef = FB1EA1311669E39B002B93EF /* stick@2x.png */; };
		FB1EA13C1669E39B002B93EF /* ZSPinAnnotation.m in Sources */ = {isa = PBXBuildFile; fileRef = FB1EA1331669E39B002B93EF /* ZSPinAnnotation.m */; };
		FB1EA13E1669F8D4002B93EF /* CoreLocation.framework in Frameworks */ = {isa = PBXBuildFile; fileRef = FB1EA13D1669F8D4002B93EF /* CoreLocation.framework */; };
		FBB1CDBD15C3F3E4000D168E /* UIKit.framework in Frameworks */ = {isa = PBXBuildFile; fileRef = FBB1CDBC15C3F3E4000D168E /* UIKit.framework */; };
		FBB1CDBF15C3F3E4000D168E /* Foundation.framework in Frameworks */ = {isa = PBXBuildFile; fileRef = FBB1CDBE15C3F3E4000D168E /* Foundation.framework */; };
		FBB1CDC115C3F3E4000D168E /* CoreGraphics.framework in Frameworks */ = {isa = PBXBuildFile; fileRef = FBB1CDC015C3F3E4000D168E /* CoreGraphics.framework */; };
		FBB1CDC715C3F3E4000D168E /* InfoPlist.strings in Resources */ = {isa = PBXBuildFile; fileRef = FBB1CDC515C3F3E4000D168E /* InfoPlist.strings */; };
		FBB1CDC915C3F3E4000D168E /* main.m in Sources */ = {isa = PBXBuildFile; fileRef = FBB1CDC815C3F3E4000D168E /* main.m */; };
		FBB1CDCD15C3F3E4000D168E /* AppDelegate.m in Sources */ = {isa = PBXBuildFile; fileRef = FBB1CDCC15C3F3E4000D168E /* AppDelegate.m */; };
		FBB1CDD815C3F3E4000D168E /* first.png in Resources */ = {isa = PBXBuildFile; fileRef = FBB1CDD715C3F3E4000D168E /* first.png */; };
		FBB1CDDA15C3F3E4000D168E /* first@2x.png in Resources */ = {isa = PBXBuildFile; fileRef = FBB1CDD915C3F3E4000D168E /* first@2x.png */; };
		FBB1CDDF15C3F3E4000D168E /* second.png in Resources */ = {isa = PBXBuildFile; fileRef = FBB1CDDE15C3F3E4000D168E /* second.png */; };
		FBB1CDE115C3F3E4000D168E /* second@2x.png in Resources */ = {isa = PBXBuildFile; fileRef = FBB1CDE015C3F3E4000D168E /* second@2x.png */; };
/* End PBXBuildFile section */

/* Begin PBXFileReference section */
		2DC1807D58B75EBE487FA664 /* ParseClient.m */ = {isa = PBXFileReference; fileEncoding = 4; lastKnownFileType = sourcecode.c.objc; path = ParseClient.m; sourceTree = "<group>"; };
		2DC180F4C030BF445539152A /* AddIncidentViewController.m */ = {isa = PBXFileReference; fileEncoding = 4; lastKnownFileType = sourcecode.c.objc; path = AddIncidentViewController.m; sourceTree = "<group>"; };
		2DC181A0AFCCA91F98A2E406 /* UIColor+Resilience.h */ = {isa = PBXFileReference; fileEncoding = 4; lastKnownFileType = sourcecode.c.h; path = "UIColor+Resilience.h"; sourceTree = "<group>"; };
		2DC181A1CC07036C5C3F01E5 /* UITableViewCell+Form.m */ = {isa = PBXFileReference; fileEncoding = 4; lastKnownFileType = sourcecode.c.objc; path = "UITableViewCell+Form.m"; sourceTree = "<group>"; };
		2DC181A7E525EF4C93715683 /* IncidentAdapter.m */ = {isa = PBXFileReference; fileEncoding = 4; lastKnownFileType = sourcecode.c.objc; path = IncidentAdapter.m; sourceTree = "<group>"; };
		2DC181D85F53DBF8F6CC5BAB /* ServiceRequest.m */ = {isa = PBXFileReference; fileEncoding = 4; lastKnownFileType = sourcecode.c.objc; path = ServiceRequest.m; sourceTree = "<group>"; };
		2DC181D862EA2D5C45DCA61B /* IncidentCategory+Waypoint.h */ = {isa = PBXFileReference; fileEncoding = 4; lastKnownFileType = sourcecode.c.h; path = "IncidentCategory+Waypoint.h"; sourceTree = "<group>"; };
		2DC182557B186570BC2F6089 /* DataStore.h */ = {isa = PBXFileReference; fileEncoding = 4; lastKnownFileType = sourcecode.c.h; path = DataStore.h; sourceTree = "<group>"; };
		2DC18287279BE2ABF06DC268 /* Service.m */ = {isa = PBXFileReference; fileEncoding = 4; lastKnownFileType = sourcecode.c.objc; path = Service.m; sourceTree = "<group>"; };
		2DC182961AE33B44B1F26C47 /* Open311Client.m */ = {isa = PBXFileReference; fileEncoding = 4; lastKnownFileType = sourcecode.c.objc; path = Open311Client.m; sourceTree = "<group>"; };
		2DC1829AE9232AA0438442E9 /* ServiceRequest.h */ = {isa = PBXFileReference; fileEncoding = 4; lastKnownFileType = sourcecode.c.h; path = ServiceRequest.h; sourceTree = "<group>"; };
		2DC182A591A90D5D1E2DC23E /* DetailSelectionController.m */ = {isa = PBXFileReference; fileEncoding = 4; lastKnownFileType = sourcecode.c.objc; path = DetailSelectionController.m; sourceTree = "<group>"; };
		2DC182B43BC8CD4C6589D912 /* ResilientUploader.h */ = {isa = PBXFileReference; fileEncoding = 4; lastKnownFileType = sourcecode.c.h; path = ResilientUploader.h; sourceTree = "<group>"; };
		2DC1834ADA9D6FA0D8F84BD6 /* Incident.h */ = {isa = PBXFileReference; fileEncoding = 4; lastKnownFileType = sourcecode.c.h; path = Incident.h; sourceTree = "<group>"; };
		2DC183CAED282CEFF60E7417 /* Profile.m */ = {isa = PBXFileReference; fileEncoding = 4; lastKnownFileType = sourcecode.c.objc; path = Profile.m; sourceTree = "<group>"; };
		2DC183FFFCA19910EDB72F02 /* UITextField+Form.m */ = {isa = PBXFileReference; fileEncoding = 4; lastKnownFileType = sourcecode.c.objc; path = "UITextField+Form.m"; sourceTree = "<group>"; };
		2DC1844B98A1F503F7F98BA1 /* NSDictionary+TypedAccess.m */ = {isa = PBXFileReference; fileEncoding = 4; lastKnownFileType = sourcecode.c.objc; path = "NSDictionary+TypedAccess.m"; sourceTree = "<group>"; };
		2DC1844EBF31DB2E53DBC64E /* AddIncidentViewController.h */ = {isa = PBXFileReference; fileEncoding = 4; lastKnownFileType = sourcecode.c.h; path = AddIncidentViewController.h; sourceTree = "<group>"; };
		2DC1854AC052D9377A08D33C /* ProfileViewController.h */ = {isa = PBXFileReference; fileEncoding = 4; lastKnownFileType = sourcecode.c.h; path = ProfileViewController.h; sourceTree = "<group>"; };
		2DC1863F09FFD1B8EF7B47F0 /* UIView+WSLoading.h */ = {isa = PBXFileReference; fileEncoding = 4; lastKnownFileType = sourcecode.c.h; path = "UIView+WSLoading.h"; sourceTree = "<group>"; };
		2DC1869B49911D90A70B893B /* IncidentAdapter.h */ = {isa = PBXFileReference; fileEncoding = 4; lastKnownFileType = sourcecode.c.h; path = IncidentAdapter.h; sourceTree = "<group>"; };
		2DC186B3B33F3F312A621DE4 /* ParseClient.h */ = {isa = PBXFileReference; fileEncoding = 4; lastKnownFileType = sourcecode.c.h; path = ParseClient.h; sourceTree = "<group>"; };
		2DC186CE858398FA277F07DB /* IncidentFooter.m */ = {isa = PBXFileReference; fileEncoding = 4; lastKnownFileType = sourcecode.c.objc; path = IncidentFooter.m; sourceTree = "<group>"; };
		2DC18752B9B2297998D7B088 /* IncidentCell.h */ = {isa = PBXFileReference; fileEncoding = 4; lastKnownFileType = sourcecode.c.h; path = IncidentCell.h; sourceTree = "<group>"; };
		2DC18773D6E5D470213C2381 /* UITextField+Form.h */ = {isa = PBXFileReference; fileEncoding = 4; lastKnownFileType = sourcecode.c.h; path = "UITextField+Form.h"; sourceTree = "<group>"; };
		2DC187887B871227C6EE0E65 /* IncidentCategory.m */ = {isa = PBXFileReference; fileEncoding = 4; lastKnownFileType = sourcecode.c.objc; path = IncidentCategory.m; sourceTree = "<group>"; };
		2DC1878A146A6C5AC412BEF9 /* CloudinaryClient.m */ = {isa = PBXFileReference; fileEncoding = 4; lastKnownFileType = sourcecode.c.objc; path = CloudinaryClient.m; sourceTree = "<group>"; };
		2DC187ED05926DE77CFFBBAA /* ProfileViewController.m */ = {isa = PBXFileReference; fileEncoding = 4; lastKnownFileType = sourcecode.c.objc; path = ProfileViewController.m; sourceTree = "<group>"; };
		2DC1887E0454BA205B53AC49 /* Incident+Open311.m */ = {isa = PBXFileReference; fileEncoding = 4; lastKnownFileType = sourcecode.c.objc; path = "Incident+Open311.m"; sourceTree = "<group>"; };
		2DC188C66B7EEA2E54A8F67C /* UITextField+Resilience.h */ = {isa = PBXFileReference; fileEncoding = 4; lastKnownFileType = sourcecode.c.h; path = "UITextField+Resilience.h"; sourceTree = "<group>"; };
		2DC189041E4FE85122DD30AE /* DetailSelectionController.h */ = {isa = PBXFileReference; fileEncoding = 4; lastKnownFileType = sourcecode.c.h; path = DetailSelectionController.h; sourceTree = "<group>"; };
		2DC18A578BD40877F95077DD /* Service.h */ = {isa = PBXFileReference; fileEncoding = 4; lastKnownFileType = sourcecode.c.h; path = Service.h; sourceTree = "<group>"; };
		2DC18B103369EC9756A14976 /* Profile.h */ = {isa = PBXFileReference; fileEncoding = 4; lastKnownFileType = sourcecode.c.h; path = Profile.h; sourceTree = "<group>"; };
		2DC18B14F523E60D70A3C5B6 /* UIImage+FixRotation.m */ = {isa = PBXFileReference; fileEncoding = 4; lastKnownFileType = sourcecode.c.objc; path = "UIImage+FixRotation.m"; sourceTree = "<group>"; };
		2DC18B2D4F1831DEEC671AFB /* UITextField+Resilience.m */ = {isa = PBXFileReference; fileEncoding = 4; lastKnownFileType = sourcecode.c.objc; path = "UITextField+Resilience.m"; sourceTree = "<group>"; };
		2DC18BDBABBD97CD0047C8ED /* IncidentCategoryAdapter.h */ = {isa = PBXFileReference; fileEncoding = 4; lastKnownFileType = sourcecode.c.h; path = IncidentCategoryAdapter.h; sourceTree = "<group>"; };
		2DC18C18E1AA39C62074DD60 /* IncidentCategoryAdapter.m */ = {isa = PBXFileReference; fileEncoding = 4; lastKnownFileType = sourcecode.c.objc; path = IncidentCategoryAdapter.m; sourceTree = "<group>"; };
		2DC18C19C222D79F56128B9F /* IncidentCategory.h */ = {isa = PBXFileReference; fileEncoding = 4; lastKnownFileType = sourcecode.c.h; path = IncidentCategory.h; sourceTree = "<group>"; };
		2DC18C42F63533543B3AB8E1 /* Incident+Open311.h */ = {isa = PBXFileReference; fileEncoding = 4; lastKnownFileType = sourcecode.c.h; path = "Incident+Open311.h"; sourceTree = "<group>"; };
		2DC18C74E4CAEA46175AF113 /* IncidentCell.m */ = {isa = PBXFileReference; fileEncoding = 4; lastKnownFileType = sourcecode.c.objc; path = IncidentCell.m; sourceTree = "<group>"; };
		2DC18CCFEC8BC10AC7D19BF3 /* UITableViewCell+Form.h */ = {isa = PBXFileReference; fileEncoding = 4; lastKnownFileType = sourcecode.c.h; path = "UITableViewCell+Form.h"; sourceTree = "<group>"; };
		2DC18D2852962671387D4560 /* NSDictionary+TypedAccess.h */ = {isa = PBXFileReference; fileEncoding = 4; lastKnownFileType = sourcecode.c.h; path = "NSDictionary+TypedAccess.h"; sourceTree = "<group>"; };
		2DC18D290BA8F5FC680BE957 /* Client.m */ = {isa = PBXFileReference; fileEncoding = 4; lastKnownFileType = sourcecode.c.objc; path = Client.m; sourceTree = "<group>"; };
		2DC18D5AE40EEA58FF035E16 /* RootViewController.m */ = {isa = PBXFileReference; fileEncoding = 4; lastKnownFileType = sourcecode.c.objc; path = RootViewController.m; sourceTree = "<group>"; };
		2DC18DC3A352C814191BB654 /* ResilientUploader.m */ = {isa = PBXFileReference; fileEncoding = 4; lastKnownFileType = sourcecode.c.objc; path = ResilientUploader.m; sourceTree = "<group>"; };
		2DC18E414813D609BCBF724D /* UIImage+FixRotation.h */ = {isa = PBXFileReference; fileEncoding = 4; lastKnownFileType = sourcecode.c.h; path = "UIImage+FixRotation.h"; sourceTree = "<group>"; };
		2DC18E4EE87A9F37816EE348 /* UIColor+Resilience.m */ = {isa = PBXFileReference; fileEncoding = 4; lastKnownFileType = sourcecode.c.objc; path = "UIColor+Resilience.m"; sourceTree = "<group>"; };
		2DC18E792BE1EAAFEF6B225A /* IncidentCategory+Waypoint.m */ = {isa = PBXFileReference; fileEncoding = 4; lastKnownFileType = sourcecode.c.objc; path = "IncidentCategory+Waypoint.m"; sourceTree = "<group>"; };
		2DC18EB9CCFE7F386E5E4612 /* Client.h */ = {isa = PBXFileReference; fileEncoding = 4; lastKnownFileType = sourcecode.c.h; path = Client.h; sourceTree = "<group>"; };
		2DC18EBFA16CF53440FBA3CD /* IncidentFooter.h */ = {isa = PBXFileReference; fileEncoding = 4; lastKnownFileType = sourcecode.c.h; path = IncidentFooter.h; sourceTree = "<group>"; };
		2DC18EF0D95254C2410ACED5 /* Open311Client.h */ = {isa = PBXFileReference; fileEncoding = 4; lastKnownFileType = sourcecode.c.h; path = Open311Client.h; sourceTree = "<group>"; };
		2DC18F0060D3E4B6ADDAFD72 /* CloudinaryClient.h */ = {isa = PBXFileReference; fileEncoding = 4; lastKnownFileType = sourcecode.c.h; path = CloudinaryClient.h; sourceTree = "<group>"; };
		2DC18F94C37BC75BD6209AA1 /* Incident.m */ = {isa = PBXFileReference; fileEncoding = 4; lastKnownFileType = sourcecode.c.objc; path = Incident.m; sourceTree = "<group>"; };
		2DC18FB1A3F46270905E24CD /* DataStore.m */ = {isa = PBXFileReference; fileEncoding = 4; lastKnownFileType = sourcecode.c.objc; path = DataStore.m; sourceTree = "<group>"; };
		2DC18FB9686DF37B1C2A7F16 /* RootViewController.h */ = {isa = PBXFileReference; fileEncoding = 4; lastKnownFileType = sourcecode.c.h; path = RootViewController.h; sourceTree = "<group>"; };
		2DC18FD9FA6AA3804B32FDF7 /* UIView+WSLoading.m */ = {isa = PBXFileReference; fileEncoding = 4; lastKnownFileType = sourcecode.c.objc; path = "UIView+WSLoading.m"; sourceTree = "<group>"; };
		4FC03149DC7F41B78235D0EC /* Pods.xcconfig */ = {isa = PBXFileReference; includeInIndex = 1; lastKnownFileType = text.xcconfig; name = Pods.xcconfig; path = Pods/Pods.xcconfig; sourceTree = SOURCE_ROOT; };
		8927C79B166ADDC500D501B5 /* IssueViewController.h */ = {isa = PBXFileReference; fileEncoding = 4; lastKnownFileType = sourcecode.c.h; path = IssueViewController.h; sourceTree = "<group>"; };
		8927C79C166ADDC500D501B5 /* IssueViewController.m */ = {isa = PBXFileReference; fileEncoding = 4; lastKnownFileType = sourcecode.c.objc; path = IssueViewController.m; sourceTree = "<group>"; };
		8927C7B4166AE61800D501B5 /* ImageIO.framework */ = {isa = PBXFileReference; lastKnownFileType = wrapper.framework; name = ImageIO.framework; path = System/Library/Frameworks/ImageIO.framework; sourceTree = SDKROOT; };
		98F56E13E3194D75BD49CDDC /* Pods-KiwiUnitTest.xcconfig */ = {isa = PBXFileReference; includeInIndex = 1; lastKnownFileType = text.xcconfig; name = "Pods-KiwiUnitTest.xcconfig"; path = "Pods/Pods-KiwiUnitTest.xcconfig"; sourceTree = SOURCE_ROOT; };
		A1044B13165CCB70002DC3E1 /* KiwiUnitTest.octest */ = {isa = PBXFileReference; explicitFileType = wrapper.cfbundle; includeInIndex = 0; path = KiwiUnitTest.octest; sourceTree = BUILT_PRODUCTS_DIR; };
		A1044B19165CCB71002DC3E1 /* KiwiUnitTest-Info.plist */ = {isa = PBXFileReference; lastKnownFileType = text.plist.xml; path = "KiwiUnitTest-Info.plist"; sourceTree = "<group>"; };
		A1044B1B165CCB71002DC3E1 /* en */ = {isa = PBXFileReference; lastKnownFileType = text.plist.strings; name = en; path = en.lproj/InfoPlist.strings; sourceTree = "<group>"; };
		A1044B20165CCB71002DC3E1 /* KiwiUnitTest-Prefix.pch */ = {isa = PBXFileReference; lastKnownFileType = sourcecode.c.h; path = "KiwiUnitTest-Prefix.pch"; sourceTree = "<group>"; };
		A1044B31165CD18C002DC3E1 /* config-release.xcconfig */ = {isa = PBXFileReference; fileEncoding = 4; lastKnownFileType = text.xcconfig; name = "config-release.xcconfig"; path = "Config/config-release.xcconfig"; sourceTree = "<group>"; };
		A1044B32165CD18C002DC3E1 /* config-debug.xcconfig */ = {isa = PBXFileReference; fileEncoding = 4; lastKnownFileType = text.xcconfig; name = "config-debug.xcconfig"; path = "Config/config-debug.xcconfig"; sourceTree = "<group>"; };
		A1044B33165CD18D002DC3E1 /* config-common.xcconfig */ = {isa = PBXFileReference; fileEncoding = 4; lastKnownFileType = text.xcconfig; name = "config-common.xcconfig"; path = "Config/config-common.xcconfig"; sourceTree = "<group>"; };
		A1044B84165CDA42002DC3E1 /* ResillienceSpec.m */ = {isa = PBXFileReference; fileEncoding = 4; lastKnownFileType = sourcecode.c.objc; path = ResillienceSpec.m; sourceTree = "<group>"; };
		A1044BA01660889B002DC3E1 /* config-test.xcconfig */ = {isa = PBXFileReference; lastKnownFileType = text.xcconfig; name = "config-test.xcconfig"; path = "Config/config-test.xcconfig"; sourceTree = "<group>"; };
		A1419A1016C60DC30004FA1C /* Assets */ = {isa = PBXFileReference; lastKnownFileType = folder; path = Assets; sourceTree = "<group>"; };
		A1419A1216C60DD20004FA1C /* Icon@2x.png */ = {isa = PBXFileReference; lastKnownFileType = image.png; path = "Icon@2x.png"; sourceTree = "<group>"; };
		A1419A1416C60DD60004FA1C /* Icon.png */ = {isa = PBXFileReference; lastKnownFileType = image.png; path = Icon.png; sourceTree = "<group>"; };
		A17CE86217194D2F00AF2EA1 /* Default-568h@2x.png */ = {isa = PBXFileReference; lastKnownFileType = image.png; path = "Default-568h@2x.png"; sourceTree = "<group>"; };
		A1DDA47916661980003A21C0 /* IssueMapViewController.h */ = {isa = PBXFileReference; fileEncoding = 4; lastKnownFileType = sourcecode.c.h; path = IssueMapViewController.h; sourceTree = "<group>"; };
		A1DDA47A16661980003A21C0 /* IssueMapViewController.m */ = {isa = PBXFileReference; fileEncoding = 4; lastKnownFileType = sourcecode.c.objc; path = IssueMapViewController.m; sourceTree = "<group>"; };
		A1DDA47B16661980003A21C0 /* IssueListViewController.h */ = {isa = PBXFileReference; fileEncoding = 4; lastKnownFileType = sourcecode.c.h; path = IssueListViewController.h; sourceTree = "<group>"; };
		A1DDA47C16661980003A21C0 /* IssueListViewController.m */ = {isa = PBXFileReference; fileEncoding = 4; lastKnownFileType = sourcecode.c.objc; path = IssueListViewController.m; sourceTree = "<group>"; };
		A1DDA5761668DDFE003A21C0 /* QuartzCore.framework */ = {isa = PBXFileReference; lastKnownFileType = wrapper.framework; name = QuartzCore.framework; path = System/Library/Frameworks/QuartzCore.framework; sourceTree = SDKROOT; };
		A1DDA5A01669C3F9003A21C0 /* SystemConfiguration.framework */ = {isa = PBXFileReference; lastKnownFileType = wrapper.framework; name = SystemConfiguration.framework; path = System/Library/Frameworks/SystemConfiguration.framework; sourceTree = SDKROOT; };
		A1DDA5A31669C591003A21C0 /* MobileCoreServices.framework */ = {isa = PBXFileReference; lastKnownFileType = wrapper.framework; name = MobileCoreServices.framework; path = System/Library/Frameworks/MobileCoreServices.framework; sourceTree = SDKROOT; };
		C1FC1857335340F486B2BB90 /* libPods.a */ = {isa = PBXFileReference; explicitFileType = archive.ar; includeInIndex = 0; path = libPods.a; sourceTree = BUILT_PRODUCTS_DIR; };
		CD85202179858C509A5811DC /* IncidentHeader.h */ = {isa = PBXFileReference; fileEncoding = 4; lastKnownFileType = sourcecode.c.h; path = IncidentHeader.h; sourceTree = "<group>"; };
		CD8522CE4F2E9C3C569F5F72 /* IncidentHeader.m */ = {isa = PBXFileReference; fileEncoding = 4; lastKnownFileType = sourcecode.c.objc; path = IncidentHeader.m; sourceTree = "<group>"; };
		DD42F235B7AD4535AB41FD22 /* libPods-KiwiUnitTest.a */ = {isa = PBXFileReference; explicitFileType = archive.ar; includeInIndex = 0; path = "libPods-KiwiUnitTest.a"; sourceTree = BUILT_PRODUCTS_DIR; };
		FB1EA1211669E2F6002B93EF /* MapKit.framework */ = {isa = PBXFileReference; lastKnownFileType = wrapper.framework; name = MapKit.framework; path = System/Library/Frameworks/MapKit.framework; sourceTree = SDKROOT; };
		FB1EA1251669E38D002B93EF /* WaypointAnnotation.h */ = {isa = PBXFileReference; fileEncoding = 4; lastKnownFileType = sourcecode.c.h; path = WaypointAnnotation.h; sourceTree = "<group>"; };
		FB1EA1261669E38D002B93EF /* WaypointAnnotation.m */ = {isa = PBXFileReference; fileEncoding = 4; lastKnownFileType = sourcecode.c.objc; path = WaypointAnnotation.m; sourceTree = "<group>"; };
		FB1EA1291669E39B002B93EF /* Annotation.h */ = {isa = PBXFileReference; fileEncoding = 4; lastKnownFileType = sourcecode.c.h; path = Annotation.h; sourceTree = "<group>"; };
		FB1EA12A1669E39B002B93EF /* Annotation.m */ = {isa = PBXFileReference; fileEncoding = 4; lastKnownFileType = sourcecode.c.objc; path = Annotation.m; sourceTree = "<group>"; };
		FB1EA12B1669E39B002B93EF /* color.png */ = {isa = PBXFileReference; lastKnownFileType = image.png; path = color.png; sourceTree = "<group>"; };
		FB1EA12C1669E39B002B93EF /* color@2x.png */ = {isa = PBXFileReference; lastKnownFileType = image.png; path = "color@2x.png"; sourceTree = "<group>"; };
		FB1EA12D1669E39B002B93EF /* README.md */ = {isa = PBXFileReference; fileEncoding = 4; lastKnownFileType = text; path = README.md; sourceTree = "<group>"; };
		FB1EA12E1669E39B002B93EF /* shading.png */ = {isa = PBXFileReference; lastKnownFileType = image.png; path = shading.png; sourceTree = "<group>"; };
		FB1EA12F1669E39B002B93EF /* shading@2x.png */ = {isa = PBXFileReference; lastKnownFileType = image.png; path = "shading@2x.png"; sourceTree = "<group>"; };
		FB1EA1301669E39B002B93EF /* stick.png */ = {isa = PBXFileReference; lastKnownFileType = image.png; path = stick.png; sourceTree = "<group>"; };
		FB1EA1311669E39B002B93EF /* stick@2x.png */ = {isa = PBXFileReference; lastKnownFileType = image.png; path = "stick@2x.png"; sourceTree = "<group>"; };
		FB1EA1321669E39B002B93EF /* ZSPinAnnotation.h */ = {isa = PBXFileReference; fileEncoding = 4; lastKnownFileType = sourcecode.c.h; path = ZSPinAnnotation.h; sourceTree = "<group>"; };
		FB1EA1331669E39B002B93EF /* ZSPinAnnotation.m */ = {isa = PBXFileReference; fileEncoding = 4; lastKnownFileType = sourcecode.c.objc; path = ZSPinAnnotation.m; sourceTree = "<group>"; };
		FB1EA13D1669F8D4002B93EF /* CoreLocation.framework */ = {isa = PBXFileReference; lastKnownFileType = wrapper.framework; name = CoreLocation.framework; path = System/Library/Frameworks/CoreLocation.framework; sourceTree = SDKROOT; };
		FBB1CDB815C3F3E4000D168E /* Resilience.app */ = {isa = PBXFileReference; explicitFileType = wrapper.application; includeInIndex = 0; path = Resilience.app; sourceTree = BUILT_PRODUCTS_DIR; };
		FBB1CDBC15C3F3E4000D168E /* UIKit.framework */ = {isa = PBXFileReference; includeInIndex = 1; lastKnownFileType = wrapper.framework; name = UIKit.framework; path = System/Library/Frameworks/UIKit.framework; sourceTree = SDKROOT; };
		FBB1CDBE15C3F3E4000D168E /* Foundation.framework */ = {isa = PBXFileReference; includeInIndex = 1; lastKnownFileType = wrapper.framework; name = Foundation.framework; path = System/Library/Frameworks/Foundation.framework; sourceTree = SDKROOT; };
		FBB1CDC015C3F3E4000D168E /* CoreGraphics.framework */ = {isa = PBXFileReference; includeInIndex = 1; lastKnownFileType = wrapper.framework; name = CoreGraphics.framework; path = System/Library/Frameworks/CoreGraphics.framework; sourceTree = SDKROOT; };
		FBB1CDC415C3F3E4000D168E /* Resilience-Info.plist */ = {isa = PBXFileReference; lastKnownFileType = text.plist.xml; path = "Resilience-Info.plist"; sourceTree = "<group>"; };
		FBB1CDC615C3F3E4000D168E /* en */ = {isa = PBXFileReference; lastKnownFileType = text.plist.strings; name = en; path = en.lproj/InfoPlist.strings; sourceTree = "<group>"; };
		FBB1CDC815C3F3E4000D168E /* main.m */ = {isa = PBXFileReference; lastKnownFileType = sourcecode.c.objc; path = main.m; sourceTree = "<group>"; };
		FBB1CDCA15C3F3E4000D168E /* Resilience-Prefix.pch */ = {isa = PBXFileReference; lastKnownFileType = sourcecode.c.h; path = "Resilience-Prefix.pch"; sourceTree = "<group>"; };
		FBB1CDCB15C3F3E4000D168E /* AppDelegate.h */ = {isa = PBXFileReference; lastKnownFileType = sourcecode.c.h; path = AppDelegate.h; sourceTree = "<group>"; };
		FBB1CDCC15C3F3E4000D168E /* AppDelegate.m */ = {isa = PBXFileReference; lastKnownFileType = sourcecode.c.objc; path = AppDelegate.m; sourceTree = "<group>"; };
		FBB1CDD715C3F3E4000D168E /* first.png */ = {isa = PBXFileReference; lastKnownFileType = image.png; path = first.png; sourceTree = "<group>"; };
		FBB1CDD915C3F3E4000D168E /* first@2x.png */ = {isa = PBXFileReference; lastKnownFileType = image.png; path = "first@2x.png"; sourceTree = "<group>"; };
		FBB1CDDE15C3F3E4000D168E /* second.png */ = {isa = PBXFileReference; lastKnownFileType = image.png; path = second.png; sourceTree = "<group>"; };
		FBB1CDE015C3F3E4000D168E /* second@2x.png */ = {isa = PBXFileReference; lastKnownFileType = image.png; path = "second@2x.png"; sourceTree = "<group>"; };
		FBB1CDE815C3F3E4000D168E /* SenTestingKit.framework */ = {isa = PBXFileReference; includeInIndex = 1; lastKnownFileType = wrapper.framework; name = SenTestingKit.framework; path = Library/Frameworks/SenTestingKit.framework; sourceTree = DEVELOPER_DIR; };
/* End PBXFileReference section */

/* Begin PBXFrameworksBuildPhase section */
		A1044B0F165CCB70002DC3E1 /* Frameworks */ = {
			isa = PBXFrameworksBuildPhase;
			buildActionMask = 2147483647;
			files = (
				A1044B14165CCB71002DC3E1 /* SenTestingKit.framework in Frameworks */,
				A1044B15165CCB71002DC3E1 /* UIKit.framework in Frameworks */,
				A1044B16165CCB71002DC3E1 /* Foundation.framework in Frameworks */,
				1A86D59268EF4D8C8A67442B /* libPods-KiwiUnitTest.a in Frameworks */,
			);
			runOnlyForDeploymentPostprocessing = 0;
		};
		FBB1CDB515C3F3E4000D168E /* Frameworks */ = {
			isa = PBXFrameworksBuildPhase;
			buildActionMask = 2147483647;
			files = (
				8927C7B5166AE61800D501B5 /* ImageIO.framework in Frameworks */,
				FB1EA13E1669F8D4002B93EF /* CoreLocation.framework in Frameworks */,
				FB1EA1221669E2F7002B93EF /* MapKit.framework in Frameworks */,
				A1DDA5A41669C591003A21C0 /* MobileCoreServices.framework in Frameworks */,
				A1DDA5A21669C45F003A21C0 /* SystemConfiguration.framework in Frameworks */,
				A1DDA5771668DDFE003A21C0 /* QuartzCore.framework in Frameworks */,
				FBB1CDBD15C3F3E4000D168E /* UIKit.framework in Frameworks */,
				FBB1CDBF15C3F3E4000D168E /* Foundation.framework in Frameworks */,
				FBB1CDC115C3F3E4000D168E /* CoreGraphics.framework in Frameworks */,
				36006BB38007457FAB707F62 /* libPods.a in Frameworks */,
			);
			runOnlyForDeploymentPostprocessing = 0;
		};
/* End PBXFrameworksBuildPhase section */

/* Begin PBXGroup section */
		2DC180A6D47F231B383CE15B /* Open311 */ = {
			isa = PBXGroup;
			children = (
				2DC18287279BE2ABF06DC268 /* Service.m */,
				2DC18A578BD40877F95077DD /* Service.h */,
				2DC181D85F53DBF8F6CC5BAB /* ServiceRequest.m */,
				2DC1829AE9232AA0438442E9 /* ServiceRequest.h */,
				2DC1869B49911D90A70B893B /* IncidentAdapter.h */,
				2DC181A7E525EF4C93715683 /* IncidentAdapter.m */,
				2DC18C18E1AA39C62074DD60 /* IncidentCategoryAdapter.m */,
				2DC18BDBABBD97CD0047C8ED /* IncidentCategoryAdapter.h */,
			);
			path = Open311;
			sourceTree = "<group>";
		};
		2DC1816390D85C804900DC13 /* Clients */ = {
			isa = PBXGroup;
			children = (
				2DC186B3B33F3F312A621DE4 /* ParseClient.h */,
				2DC1807D58B75EBE487FA664 /* ParseClient.m */,
				2DC182961AE33B44B1F26C47 /* Open311Client.m */,
				2DC18EF0D95254C2410ACED5 /* Open311Client.h */,
				2DC18D290BA8F5FC680BE957 /* Client.m */,
				2DC18EB9CCFE7F386E5E4612 /* Client.h */,
				2DC1878A146A6C5AC412BEF9 /* CloudinaryClient.m */,
				2DC18F0060D3E4B6ADDAFD72 /* CloudinaryClient.h */,
				2DC18DC3A352C814191BB654 /* ResilientUploader.m */,
				2DC182B43BC8CD4C6589D912 /* ResilientUploader.h */,
			);
			path = Clients;
			sourceTree = "<group>";
		};
		2DC18488437AEE482DE309CB /* AddIncident */ = {
			isa = PBXGroup;
			children = (
				2DC1844EBF31DB2E53DBC64E /* AddIncidentViewController.h */,
				2DC180F4C030BF445539152A /* AddIncidentViewController.m */,
				2DC189041E4FE85122DD30AE /* DetailSelectionController.h */,
				2DC182A591A90D5D1E2DC23E /* DetailSelectionController.m */,
			);
			path = AddIncident;
			sourceTree = "<group>";
		};
		2DC18A71FD5F1E0A12334DBF /* Categories */ = {
			isa = PBXGroup;
			children = (
				2DC1844B98A1F503F7F98BA1 /* NSDictionary+TypedAccess.m */,
				2DC18D2852962671387D4560 /* NSDictionary+TypedAccess.h */,
				2DC1887E0454BA205B53AC49 /* Incident+Open311.m */,
				2DC18C42F63533543B3AB8E1 /* Incident+Open311.h */,
				2DC18FD9FA6AA3804B32FDF7 /* UIView+WSLoading.m */,
				2DC1863F09FFD1B8EF7B47F0 /* UIView+WSLoading.h */,
				2DC18B14F523E60D70A3C5B6 /* UIImage+FixRotation.m */,
				2DC18E414813D609BCBF724D /* UIImage+FixRotation.h */,
				2DC183FFFCA19910EDB72F02 /* UITextField+Form.m */,
				2DC18773D6E5D470213C2381 /* UITextField+Form.h */,
				2DC181A1CC07036C5C3F01E5 /* UITableViewCell+Form.m */,
				2DC18CCFEC8BC10AC7D19BF3 /* UITableViewCell+Form.h */,
			);
			path = Categories;
			sourceTree = "<group>";
		};
		2DC18CD5D5E91A5CBC3C5A98 /* Style */ = {
			isa = PBXGroup;
			children = (
				2DC18B2D4F1831DEEC671AFB /* UITextField+Resilience.m */,
				2DC188C66B7EEA2E54A8F67C /* UITextField+Resilience.h */,
				2DC18E4EE87A9F37816EE348 /* UIColor+Resilience.m */,
				2DC181A0AFCCA91F98A2E406 /* UIColor+Resilience.h */,
				2DC18E792BE1EAAFEF6B225A /* IncidentCategory+Waypoint.m */,
				2DC181D862EA2D5C45DCA61B /* IncidentCategory+Waypoint.h */,
			);
			path = Style;
			sourceTree = "<group>";
		};
		2DC18D0F0EB804C787291455 /* Models */ = {
			isa = PBXGroup;
			children = (
				2DC1834ADA9D6FA0D8F84BD6 /* Incident.h */,
				2DC18F94C37BC75BD6209AA1 /* Incident.m */,
				2DC187887B871227C6EE0E65 /* IncidentCategory.m */,
				2DC18C19C222D79F56128B9F /* IncidentCategory.h */,
				2DC180A6D47F231B383CE15B /* Open311 */,
				2DC183CAED282CEFF60E7417 /* Profile.m */,
				2DC18B103369EC9756A14976 /* Profile.h */,
				2DC18FB1A3F46270905E24CD /* DataStore.m */,
				2DC182557B186570BC2F6089 /* DataStore.h */,
			);
			path = Models;
			sourceTree = "<group>";
		};
		2DC18F9745EB4C28FE5E7E15 /* Views */ = {
			isa = PBXGroup;
			children = (
				2DC18752B9B2297998D7B088 /* IncidentCell.h */,
				2DC18C74E4CAEA46175AF113 /* IncidentCell.m */,
				CD8522CE4F2E9C3C569F5F72 /* IncidentHeader.m */,
				CD85202179858C509A5811DC /* IncidentHeader.h */,
				2DC186CE858398FA277F07DB /* IncidentFooter.m */,
				2DC18EBFA16CF53440FBA3CD /* IncidentFooter.h */,
			);
			path = Views;
			sourceTree = "<group>";
		};
		A1044B17165CCB71002DC3E1 /* KiwiUnitTest */ = {
			isa = PBXGroup;
			children = (
				A1044B84165CDA42002DC3E1 /* ResillienceSpec.m */,
				A1044B18165CCB71002DC3E1 /* Supporting Files */,
			);
			path = KiwiUnitTest;
			sourceTree = "<group>";
		};
		A1044B18165CCB71002DC3E1 /* Supporting Files */ = {
			isa = PBXGroup;
			children = (
				A1044B19165CCB71002DC3E1 /* KiwiUnitTest-Info.plist */,
				A1044B1A165CCB71002DC3E1 /* InfoPlist.strings */,
				A1044B20165CCB71002DC3E1 /* KiwiUnitTest-Prefix.pch */,
			);
			name = "Supporting Files";
			sourceTree = "<group>";
		};
		A1044B30165CCD82002DC3E1 /* Configs */ = {
			isa = PBXGroup;
			children = (
				A1044BA01660889B002DC3E1 /* config-test.xcconfig */,
				A1044B31165CD18C002DC3E1 /* config-release.xcconfig */,
				A1044B32165CD18C002DC3E1 /* config-debug.xcconfig */,
				A1044B33165CD18D002DC3E1 /* config-common.xcconfig */,
				4FC03149DC7F41B78235D0EC /* Pods.xcconfig */,
				98F56E13E3194D75BD49CDDC /* Pods-KiwiUnitTest.xcconfig */,
			);
			name = Configs;
			sourceTree = "<group>";
		};
		A1DDA47816661980003A21C0 /* Controllers */ = {
			isa = PBXGroup;
			children = (
				2DC18F9380670437838A556E /* AddIncidentViewController.h */,
				2DC18D491FE47ADF35F86F41 /* AddIncidentViewController.m */,
				2DC189518C821F06001CF033 /* DetailSelectionController.h */,
				2DC181E10712D729176D1716 /* DetailSelectionController.m */,
				A1DDA47B16661980003A21C0 /* IssueListViewController.h */,
				A1DDA47C16661980003A21C0 /* IssueListViewController.m */,

				A1DDA47916661980003A21C0 /* IssueMapViewController.h */,
				A1DDA47A16661980003A21C0 /* IssueMapViewController.m */,
				8927C79B166ADDC500D501B5 /* IssueViewController.h */,
				8927C79C166ADDC500D501B5 /* IssueViewController.m */,
				2DC1854AC052D9377A08D33C /* ProfileViewController.h */,
				2DC187ED05926DE77CFFBBAA /* ProfileViewController.m */,
				2DC18FB9686DF37B1C2A7F16 /* RootViewController.h */,
				2DC18D5AE40EEA58FF035E16 /* RootViewController.m */,
			);
			path = Controllers;
			sourceTree = "<group>";
		};
		FB1EA1241669E31F002B93EF /* Markers */ = {
			isa = PBXGroup;
			children = (
				FB1EA1281669E39B002B93EF /* ZSPinAnnotation */,
				FB1EA1251669E38D002B93EF /* WaypointAnnotation.h */,
				FB1EA1261669E38D002B93EF /* WaypointAnnotation.m */,
			);
			name = Markers;
			sourceTree = "<group>";
		};
		FB1EA1281669E39B002B93EF /* ZSPinAnnotation */ = {
			isa = PBXGroup;
			children = (
				FB1EA1291669E39B002B93EF /* Annotation.h */,
				FB1EA12A1669E39B002B93EF /* Annotation.m */,
				FB1EA12B1669E39B002B93EF /* color.png */,
				FB1EA12C1669E39B002B93EF /* color@2x.png */,
				FB1EA12D1669E39B002B93EF /* README.md */,
				FB1EA12E1669E39B002B93EF /* shading.png */,
				FB1EA12F1669E39B002B93EF /* shading@2x.png */,
				FB1EA1301669E39B002B93EF /* stick.png */,
				FB1EA1311669E39B002B93EF /* stick@2x.png */,
				FB1EA1321669E39B002B93EF /* ZSPinAnnotation.h */,
				FB1EA1331669E39B002B93EF /* ZSPinAnnotation.m */,
			);
			path = ZSPinAnnotation;
			sourceTree = "<group>";
		};
		FBB1CDAD15C3F3E4000D168E = {
			isa = PBXGroup;
			children = (
				A17CE86217194D2F00AF2EA1 /* Default-568h@2x.png */,
				A1419A1416C60DD60004FA1C /* Icon.png */,
				A1419A1216C60DD20004FA1C /* Icon@2x.png */,
				A1044B30165CCD82002DC3E1 /* Configs */,
				FBB1CDC215C3F3E4000D168E /* Resilience */,
				A1044B17165CCB71002DC3E1 /* KiwiUnitTest */,
				FBB1CDBB15C3F3E4000D168E /* Frameworks */,
				FBB1CDB915C3F3E4000D168E /* Products */,
			);
			sourceTree = "<group>";
		};
		FBB1CDB915C3F3E4000D168E /* Products */ = {
			isa = PBXGroup;
			children = (
				FBB1CDB815C3F3E4000D168E /* Resilience.app */,
				A1044B13165CCB70002DC3E1 /* KiwiUnitTest.octest */,
			);
			name = Products;
			sourceTree = "<group>";
		};
		FBB1CDBB15C3F3E4000D168E /* Frameworks */ = {
			isa = PBXGroup;
			children = (
				8927C7B4166AE61800D501B5 /* ImageIO.framework */,
				FB1EA13D1669F8D4002B93EF /* CoreLocation.framework */,
				FB1EA1211669E2F6002B93EF /* MapKit.framework */,
				A1DDA5A31669C591003A21C0 /* MobileCoreServices.framework */,
				A1DDA5A01669C3F9003A21C0 /* SystemConfiguration.framework */,
				A1DDA5761668DDFE003A21C0 /* QuartzCore.framework */,
				FBB1CDBC15C3F3E4000D168E /* UIKit.framework */,
				FBB1CDBE15C3F3E4000D168E /* Foundation.framework */,
				FBB1CDC015C3F3E4000D168E /* CoreGraphics.framework */,
				FBB1CDE815C3F3E4000D168E /* SenTestingKit.framework */,
				DD42F235B7AD4535AB41FD22 /* libPods-KiwiUnitTest.a */,
				C1FC1857335340F486B2BB90 /* libPods.a */,
			);
			name = Frameworks;
			sourceTree = "<group>";
		};
		FBB1CDC215C3F3E4000D168E /* Resilience */ = {
			isa = PBXGroup;
			children = (
				A1419A1016C60DC30004FA1C /* Assets */,
				FB1EA1241669E31F002B93EF /* Markers */,
				A1DDA47816661980003A21C0 /* Controllers */,
				FBB1CDCB15C3F3E4000D168E /* AppDelegate.h */,
				FBB1CDCC15C3F3E4000D168E /* AppDelegate.m */,
				FBB1CDD715C3F3E4000D168E /* first.png */,
				FBB1CDD915C3F3E4000D168E /* first@2x.png */,
				FBB1CDDE15C3F3E4000D168E /* second.png */,
				FBB1CDE015C3F3E4000D168E /* second@2x.png */,
				FBB1CDC315C3F3E4000D168E /* Supporting Files */,
				2DC18D0F0EB804C787291455 /* Models */,
				2DC1816390D85C804900DC13 /* Clients */,
				2DC18CD5D5E91A5CBC3C5A98 /* Style */,
				2DC18F9745EB4C28FE5E7E15 /* Views */,
				2DC18A71FD5F1E0A12334DBF /* Categories */,
			);
			path = Resilience;
			sourceTree = "<group>";
		};
		FBB1CDC315C3F3E4000D168E /* Supporting Files */ = {
			isa = PBXGroup;
			children = (
				FBB1CDC415C3F3E4000D168E /* Resilience-Info.plist */,
				FBB1CDC515C3F3E4000D168E /* InfoPlist.strings */,
				FBB1CDC815C3F3E4000D168E /* main.m */,
				FBB1CDCA15C3F3E4000D168E /* Resilience-Prefix.pch */,
			);
			name = "Supporting Files";
			sourceTree = "<group>";
		};
/* End PBXGroup section */

/* Begin PBXNativeTarget section */
		A1044B12165CCB70002DC3E1 /* KiwiUnitTest */ = {
			isa = PBXNativeTarget;
			buildConfigurationList = A1044B21165CCB71002DC3E1 /* Build configuration list for PBXNativeTarget "KiwiUnitTest" */;
			buildPhases = (
				A1044B0E165CCB70002DC3E1 /* Sources */,
				A1044B0F165CCB70002DC3E1 /* Frameworks */,
				A1044B10165CCB70002DC3E1 /* Resources */,
				A1044B11165CCB70002DC3E1 /* ShellScript */,
				D8EA6BB4D187471B91AFD7E3 /* Copy Pods Resources */,
			);
			buildRules = (
			);
			dependencies = (
			);
			name = KiwiUnitTest;
			productName = KiwiUnitTest;
			productReference = A1044B13165CCB70002DC3E1 /* KiwiUnitTest.octest */;
			productType = "com.apple.product-type.bundle";
		};
		FBB1CDB715C3F3E4000D168E /* Resilience */ = {
			isa = PBXNativeTarget;
			buildConfigurationList = FBB1CDF915C3F3E5000D168E /* Build configuration list for PBXNativeTarget "Resilience" */;
			buildPhases = (
				FBB1CDB415C3F3E4000D168E /* Sources */,
				FBB1CDB515C3F3E4000D168E /* Frameworks */,
				FBB1CDB615C3F3E4000D168E /* Resources */,
				24FE5AB0E662423BB299FAB1 /* Copy Pods Resources */,
			);
			buildRules = (
			);
			dependencies = (
			);
			name = Resilience;
			productName = Resilience;
			productReference = FBB1CDB815C3F3E4000D168E /* Resilience.app */;
			productType = "com.apple.product-type.application";
		};
/* End PBXNativeTarget section */

/* Begin PBXProject section */
		FBB1CDAF15C3F3E4000D168E /* Project object */ = {
			isa = PBXProject;
			attributes = {
				CLASSPREFIX = "";
				LastUpgradeCheck = 0440;
				ORGANIZATIONNAME = RHoK;
			};
			buildConfigurationList = FBB1CDB215C3F3E4000D168E /* Build configuration list for PBXProject "Resilience" */;
			compatibilityVersion = "Xcode 3.2";
			developmentRegion = English;
			hasScannedForEncodings = 0;
			knownRegions = (
				en,
			);
			mainGroup = FBB1CDAD15C3F3E4000D168E;
			productRefGroup = FBB1CDB915C3F3E4000D168E /* Products */;
			projectDirPath = "";
			projectRoot = "";
			targets = (
				FBB1CDB715C3F3E4000D168E /* Resilience */,
				A1044B12165CCB70002DC3E1 /* KiwiUnitTest */,
			);
		};
/* End PBXProject section */

/* Begin PBXResourcesBuildPhase section */
		A1044B10165CCB70002DC3E1 /* Resources */ = {
			isa = PBXResourcesBuildPhase;
			buildActionMask = 2147483647;
			files = (
				A1044B1C165CCB71002DC3E1 /* InfoPlist.strings in Resources */,
			);
			runOnlyForDeploymentPostprocessing = 0;
		};
		FBB1CDB615C3F3E4000D168E /* Resources */ = {
			isa = PBXResourcesBuildPhase;
			buildActionMask = 2147483647;
			files = (
				FBB1CDC715C3F3E4000D168E /* InfoPlist.strings in Resources */,
				FBB1CDD815C3F3E4000D168E /* first.png in Resources */,
				FBB1CDDA15C3F3E4000D168E /* first@2x.png in Resources */,
				FBB1CDDF15C3F3E4000D168E /* second.png in Resources */,
				FBB1CDE115C3F3E4000D168E /* second@2x.png in Resources */,
				A1044B34165CD18D002DC3E1 /* config-release.xcconfig in Resources */,
				A1044B35165CD18D002DC3E1 /* config-debug.xcconfig in Resources */,
				A1044B36165CD18D002DC3E1 /* config-common.xcconfig in Resources */,
				FB1EA1351669E39B002B93EF /* color.png in Resources */,
				FB1EA1361669E39B002B93EF /* color@2x.png in Resources */,
				FB1EA1371669E39B002B93EF /* README.md in Resources */,
				FB1EA1381669E39B002B93EF /* shading.png in Resources */,
				FB1EA1391669E39B002B93EF /* shading@2x.png in Resources */,
				FB1EA13A1669E39B002B93EF /* stick.png in Resources */,
				FB1EA13B1669E39B002B93EF /* stick@2x.png in Resources */,
				A1419A1116C60DC30004FA1C /* Assets in Resources */,
				A1419A1316C60DD20004FA1C /* Icon@2x.png in Resources */,
				A1419A1516C60DD60004FA1C /* Icon.png in Resources */,
				A17CE86317194D2F00AF2EA1 /* Default-568h@2x.png in Resources */,
			);
			runOnlyForDeploymentPostprocessing = 0;
		};
/* End PBXResourcesBuildPhase section */

/* Begin PBXShellScriptBuildPhase section */
		24FE5AB0E662423BB299FAB1 /* Copy Pods Resources */ = {
			isa = PBXShellScriptBuildPhase;
			buildActionMask = 2147483647;
			files = (
			);
			inputPaths = (
			);
			name = "Copy Pods Resources";
			outputPaths = (
			);
			runOnlyForDeploymentPostprocessing = 0;
			shellPath = /bin/sh;
			shellScript = "\"${SRCROOT}/Pods/Pods-resources.sh\"\n";
		};
		A1044B11165CCB70002DC3E1 /* ShellScript */ = {
			isa = PBXShellScriptBuildPhase;
			buildActionMask = 2147483647;
			files = (
			);
			inputPaths = (
			);
			outputPaths = (
			);
			runOnlyForDeploymentPostprocessing = 0;
			shellPath = /bin/sh;
			shellScript = "# Run the unit tests in this test bundle.\n\"${SYSTEM_DEVELOPER_DIR}/Tools/RunUnitTests\"\n";
		};
		D8EA6BB4D187471B91AFD7E3 /* Copy Pods Resources */ = {
			isa = PBXShellScriptBuildPhase;
			buildActionMask = 2147483647;
			files = (
			);
			inputPaths = (
			);
			name = "Copy Pods Resources";
			outputPaths = (
			);
			runOnlyForDeploymentPostprocessing = 0;
			shellPath = /bin/sh;
			shellScript = "\"${SRCROOT}/Pods/Pods-KiwiUnitTest-resources.sh\"\n";
		};
/* End PBXShellScriptBuildPhase section */

/* Begin PBXSourcesBuildPhase section */
		A1044B0E165CCB70002DC3E1 /* Sources */ = {
			isa = PBXSourcesBuildPhase;
			buildActionMask = 2147483647;
			files = (
				A1044B85165CDA42002DC3E1 /* ResillienceSpec.m in Sources */,
				2DC184F89978579B4AFDE88D /* Open311Client.m in Sources */,
				2DC18FCD4B4D89F22A613BA4 /* Service.m in Sources */,
				2DC189A31ED17A5245C3ED39 /* ServiceRequest.m in Sources */,
				2DC184B255539A1743B9A2D9 /* IncidentAdapter.m in Sources */,
				2DC18151574C53C67F546947 /* NSDictionary+TypedAccess.m in Sources */,
				2DC18051B6EE4E2AAE5D31AC /* Incident+Open311.m in Sources */,
				2DC188C57E041B99387D5A5A /* Client.m in Sources */,
				2DC1859CDD588300762758C1 /* Profile.m in Sources */,
				2DC180A5634FDDC4DA4927F8 /* ResilientUploader.m in Sources */,
				2DC1894DABAFE5245A7CC37A /* DataStore.m in Sources */,
			);
			runOnlyForDeploymentPostprocessing = 0;
		};
		FBB1CDB415C3F3E4000D168E /* Sources */ = {
			isa = PBXSourcesBuildPhase;
			buildActionMask = 2147483647;
			files = (
				FBB1CDC915C3F3E4000D168E /* main.m in Sources */,
				FBB1CDCD15C3F3E4000D168E /* AppDelegate.m in Sources */,
				A1DDA47D16661980003A21C0 /* IssueMapViewController.m in Sources */,
				A1DDA47E16661980003A21C0 /* IssueListViewController.m in Sources */,
				2DC18258FD9DDF558C3C3F91 /* RootViewController.m in Sources */,
				2DC18959D9F57F94AF1540A4 /* Incident.m in Sources */,
				2DC184F50FA121D494252633 /* ParseClient.m in Sources */,
				FB1EA1271669E38D002B93EF /* WaypointAnnotation.m in Sources */,
				FB1EA1341669E39B002B93EF /* Annotation.m in Sources */,
				FB1EA13C1669E39B002B93EF /* ZSPinAnnotation.m in Sources */,
				2DC187F17BC56D25002EA972 /* UITextField+Resilience.m in Sources */,
				2DC18A2B60EAB74BA3A4B91F /* IncidentCell.m in Sources */,
				2DC18E45DB4B195DF781B617 /* UIColor+Resilience.m in Sources */,
				8927C79D166ADDC500D501B5 /* IssueViewController.m in Sources */,
				2DC18079D372B6042178CF88 /* IncidentCategory.m in Sources */,
				2DC186DF5FE3CFA047FE1EFA /* IncidentCategory+Waypoint.m in Sources */,
				2DC1866F633CC10299DCD224 /* Open311Client.m in Sources */,
				2DC18E40A15187A376822547 /* Service.m in Sources */,
				2DC1860B8A3CD2D1915D8D26 /* ServiceRequest.m in Sources */,
				2DC18ABF28E735DB4374AE13 /* IncidentAdapter.m in Sources */,
				2DC184AB509191A152B1DDDD /* NSDictionary+TypedAccess.m in Sources */,
				2DC18845B38FA0078F93B08E /* IncidentCategoryAdapter.m in Sources */,
				CD85230F3A9597F63A355DA2 /* IncidentHeader.m in Sources */,
				2DC18B32746F47D13E88E493 /* Incident+Open311.m in Sources */,
				2DC18B1FF67341F20CFD8C43 /* Client.m in Sources */,
				2DC188ABEDD3F4558E87E71E /* CloudinaryClient.m in Sources */,
				2DC1894F3557894829DE53B3 /* UIView+WSLoading.m in Sources */,
				2DC18A2CC04FE515FE102763 /* UIImage+FixRotation.m in Sources */,
				2DC184B82CA6CB57037A1515 /* ProfileViewController.m in Sources */,
				2DC1855A00FAA51B59693059 /* UITextField+Form.m in Sources */,
				2DC18BACA06B30EC5B56EE43 /* UITableViewCell+Form.m in Sources */,
				2DC186FD5177739C9EA79A08 /* Profile.m in Sources */,
				2DC18AA55CFBAFBE51A44570 /* ResilientUploader.m in Sources */,
				2DC180B1DB8B35BA05C5BEB0 /* DataStore.m in Sources */,
				2DC187093F64DFD4B46EC12D /* AddIncidentViewController.m in Sources */,
				2DC1898D6DB2CA74F8C0F974 /* DetailSelectionController.m in Sources */,
				2DC18ABCE849713F0216B4C7 /* IncidentFooter.m in Sources */,
			);
			runOnlyForDeploymentPostprocessing = 0;
		};
/* End PBXSourcesBuildPhase section */

/* Begin PBXVariantGroup section */
		A1044B1A165CCB71002DC3E1 /* InfoPlist.strings */ = {
			isa = PBXVariantGroup;
			children = (
				A1044B1B165CCB71002DC3E1 /* en */,
			);
			name = InfoPlist.strings;
			sourceTree = "<group>";
		};
		FBB1CDC515C3F3E4000D168E /* InfoPlist.strings */ = {
			isa = PBXVariantGroup;
			children = (
				FBB1CDC615C3F3E4000D168E /* en */,
			);
			name = InfoPlist.strings;
			sourceTree = "<group>";
		};
/* End PBXVariantGroup section */

/* Begin XCBuildConfiguration section */
		A1044B22165CCB71002DC3E1 /* Debug */ = {
			isa = XCBuildConfiguration;
			baseConfigurationReference = A1044BA01660889B002DC3E1 /* config-test.xcconfig */;
			buildSettings = {
				CLANG_CXX_LIBRARY = "libc++";
				CLANG_WARN_EMPTY_BODY = YES;
				FRAMEWORK_SEARCH_PATHS = (
					"\"$(SDKROOT)/Developer/Library/Frameworks\"",
					"\"$(DEVELOPER_LIBRARY_DIR)/Frameworks\"",
				);
				GCC_PRECOMPILE_PREFIX_HEADER = YES;
				GCC_PREFIX_HEADER = "KiwiUnitTest/KiwiUnitTest-Prefix.pch";
				INFOPLIST_FILE = "KiwiUnitTest/KiwiUnitTest-Info.plist";
				ONLY_ACTIVE_ARCH = YES;
				PRODUCT_NAME = "$(TARGET_NAME)";
				WRAPPER_EXTENSION = octest;
			};
			name = Debug;
		};
		A1044B23165CCB71002DC3E1 /* Release */ = {
			isa = XCBuildConfiguration;
			baseConfigurationReference = A1044BA01660889B002DC3E1 /* config-test.xcconfig */;
			buildSettings = {
				CLANG_CXX_LIBRARY = "libc++";
				CLANG_WARN_EMPTY_BODY = YES;
				FRAMEWORK_SEARCH_PATHS = (
					"\"$(SDKROOT)/Developer/Library/Frameworks\"",
					"\"$(DEVELOPER_LIBRARY_DIR)/Frameworks\"",
				);
				GCC_PRECOMPILE_PREFIX_HEADER = YES;
				GCC_PREFIX_HEADER = "KiwiUnitTest/KiwiUnitTest-Prefix.pch";
				INFOPLIST_FILE = "KiwiUnitTest/KiwiUnitTest-Info.plist";
				PRODUCT_NAME = "$(TARGET_NAME)";
				WRAPPER_EXTENSION = octest;
			};
			name = Release;
		};
		FBB1CDF715C3F3E5000D168E /* Debug */ = {
			isa = XCBuildConfiguration;
			buildSettings = {
				ALWAYS_SEARCH_USER_PATHS = NO;
				ARCHS = "$(ARCHS_STANDARD_32_BIT)";
				CLANG_CXX_LANGUAGE_STANDARD = "gnu++0x";
				CLANG_ENABLE_OBJC_ARC = YES;
				CLANG_WARN__DUPLICATE_METHOD_MATCH = YES;
				"CODE_SIGN_IDENTITY[sdk=iphoneos*]" = "iPhone Developer";
				COPY_PHASE_STRIP = NO;
				GCC_C_LANGUAGE_STANDARD = gnu99;
				GCC_DYNAMIC_NO_PIC = NO;
				GCC_OPTIMIZATION_LEVEL = 0;
				GCC_PREPROCESSOR_DEFINITIONS = (
					"DEBUG=1",
					"$(inherited)",
				);
				GCC_SYMBOLS_PRIVATE_EXTERN = NO;
				GCC_VERSION = com.apple.compilers.llvm.clang.1_0;
				GCC_WARN_ABOUT_RETURN_TYPE = YES;
				GCC_WARN_UNINITIALIZED_AUTOS = YES;
				GCC_WARN_UNUSED_VARIABLE = YES;
				IPHONEOS_DEPLOYMENT_TARGET = 6.0;
				SDKROOT = iphoneos;
				TARGETED_DEVICE_FAMILY = "1,2";
			};
			name = Debug;
		};
		FBB1CDF815C3F3E5000D168E /* Release */ = {
			isa = XCBuildConfiguration;
			buildSettings = {
				ALWAYS_SEARCH_USER_PATHS = NO;
				ARCHS = "$(ARCHS_STANDARD_32_BIT)";
				CLANG_CXX_LANGUAGE_STANDARD = "gnu++0x";
				CLANG_ENABLE_OBJC_ARC = YES;
				CLANG_WARN__DUPLICATE_METHOD_MATCH = YES;
				"CODE_SIGN_IDENTITY[sdk=iphoneos*]" = "iPhone Developer";
				COPY_PHASE_STRIP = YES;
				GCC_C_LANGUAGE_STANDARD = gnu99;
				GCC_VERSION = com.apple.compilers.llvm.clang.1_0;
				GCC_WARN_ABOUT_RETURN_TYPE = YES;
				GCC_WARN_UNINITIALIZED_AUTOS = YES;
				GCC_WARN_UNUSED_VARIABLE = YES;
				IPHONEOS_DEPLOYMENT_TARGET = 6.0;
				OTHER_CFLAGS = "-DNS_BLOCK_ASSERTIONS=1";
				SDKROOT = iphoneos;
				TARGETED_DEVICE_FAMILY = "1,2";
				VALIDATE_PRODUCT = YES;
			};
			name = Release;
		};
		FBB1CDFA15C3F3E5000D168E /* Debug */ = {
			isa = XCBuildConfiguration;
			baseConfigurationReference = A1044B32165CD18C002DC3E1 /* config-debug.xcconfig */;
			buildSettings = {
				GCC_PRECOMPILE_PREFIX_HEADER = YES;
				GCC_PREFIX_HEADER = "Resilience/Resilience-Prefix.pch";
				INFOPLIST_FILE = "Resilience/Resilience-Info.plist";
				PRODUCT_NAME = "$(TARGET_NAME)";
				WRAPPER_EXTENSION = app;
			};
			name = Debug;
		};
		FBB1CDFB15C3F3E5000D168E /* Release */ = {
			isa = XCBuildConfiguration;
			baseConfigurationReference = A1044B31165CD18C002DC3E1 /* config-release.xcconfig */;
			buildSettings = {
				GCC_PRECOMPILE_PREFIX_HEADER = YES;
				GCC_PREFIX_HEADER = "Resilience/Resilience-Prefix.pch";
				INFOPLIST_FILE = "Resilience/Resilience-Info.plist";
				PRODUCT_NAME = "$(TARGET_NAME)";
				WRAPPER_EXTENSION = app;
			};
			name = Release;
		};
/* End XCBuildConfiguration section */

/* Begin XCConfigurationList section */
		A1044B21165CCB71002DC3E1 /* Build configuration list for PBXNativeTarget "KiwiUnitTest" */ = {
			isa = XCConfigurationList;
			buildConfigurations = (
				A1044B22165CCB71002DC3E1 /* Debug */,
				A1044B23165CCB71002DC3E1 /* Release */,
			);
			defaultConfigurationIsVisible = 0;
			defaultConfigurationName = Release;
		};
		FBB1CDB215C3F3E4000D168E /* Build configuration list for PBXProject "Resilience" */ = {
			isa = XCConfigurationList;
			buildConfigurations = (
				FBB1CDF715C3F3E5000D168E /* Debug */,
				FBB1CDF815C3F3E5000D168E /* Release */,
			);
			defaultConfigurationIsVisible = 0;
			defaultConfigurationName = Release;
		};
		FBB1CDF915C3F3E5000D168E /* Build configuration list for PBXNativeTarget "Resilience" */ = {
			isa = XCConfigurationList;
			buildConfigurations = (
				FBB1CDFA15C3F3E5000D168E /* Debug */,
				FBB1CDFB15C3F3E5000D168E /* Release */,
			);
			defaultConfigurationIsVisible = 0;
			defaultConfigurationName = Release;
		};
/* End XCConfigurationList section */
	};
	rootObject = FBB1CDAF15C3F3E4000D168E /* Project object */;
}
