// !$*UTF8*$!
{
	archiveVersion = 1;
	classes = {
	};
	objectVersion = 46;
	objects = {

/* Begin PBXBuildFile section */
		1A86D59268EF4D8C8A67442B /* libPods-KiwiUnitTest.a in Frameworks */ = {isa = PBXBuildFile; fileRef = DD42F235B7AD4535AB41FD22 /* libPods-KiwiUnitTest.a */; };
		2DC18079D372B6042178CF88 /* IncidentCategory.m in Sources */ = {isa = PBXBuildFile; fileRef = 2DC187887B871227C6EE0E65 /* IncidentCategory.m */; };
		2DC18258FD9DDF558C3C3F91 /* RootViewController.m in Sources */ = {isa = PBXBuildFile; fileRef = 2DC18D5AE40EEA58FF035E16 /* RootViewController.m */; };
		2DC184F50FA121D494252633 /* ParseClient.m in Sources */ = {isa = PBXBuildFile; fileRef = 2DC1807D58B75EBE487FA664 /* ParseClient.m */; };
		2DC185A36255E00E25B9F5EC /* IncidentCategory+Image.m in Sources */ = {isa = PBXBuildFile; fileRef = 2DC18B61E739350DB1EF95B7 /* IncidentCategory+Image.m */; };
		2DC186DF5FE3CFA047FE1EFA /* IncidentCategory+Waypoint.m in Sources */ = {isa = PBXBuildFile; fileRef = 2DC18E792BE1EAAFEF6B225A /* IncidentCategory+Waypoint.m */; };
		2DC187F17BC56D25002EA972 /* UITextField+Resilience.m in Sources */ = {isa = PBXBuildFile; fileRef = 2DC18B2D4F1831DEEC671AFB /* UITextField+Resilience.m */; };
		2DC18959D9F57F94AF1540A4 /* Incident.m in Sources */ = {isa = PBXBuildFile; fileRef = 2DC18F94C37BC75BD6209AA1 /* Incident.m */; };
		2DC18A2B60EAB74BA3A4B91F /* IncidentCell.m in Sources */ = {isa = PBXBuildFile; fileRef = 2DC18C74E4CAEA46175AF113 /* IncidentCell.m */; };
		2DC18E1F69BEE156C4E9ADE3 /* AddIncidentViewController.m in Sources */ = {isa = PBXBuildFile; fileRef = 2DC18D491FE47ADF35F86F41 /* AddIncidentViewController.m */; };
		2DC18E45DB4B195DF781B617 /* UIColor+Resilience.m in Sources */ = {isa = PBXBuildFile; fileRef = 2DC18E4EE87A9F37816EE348 /* UIColor+Resilience.m */; };
		36006BB38007457FAB707F62 /* libPods.a in Frameworks */ = {isa = PBXBuildFile; fileRef = C1FC1857335340F486B2BB90 /* libPods.a */; };
		8927C79D166ADDC500D501B5 /* IssueViewController.m in Sources */ = {isa = PBXBuildFile; fileRef = 8927C79C166ADDC500D501B5 /* IssueViewController.m */; };
		8927C7B5166AE61800D501B5 /* ImageIO.framework in Frameworks */ = {isa = PBXBuildFile; fileRef = 8927C7B4166AE61800D501B5 /* ImageIO.framework */; };
		A1044B14165CCB71002DC3E1 /* SenTestingKit.framework in Frameworks */ = {isa = PBXBuildFile; fileRef = FBB1CDE815C3F3E4000D168E /* SenTestingKit.framework */; };
		A1044B15165CCB71002DC3E1 /* UIKit.framework in Frameworks */ = {isa = PBXBuildFile; fileRef = FBB1CDBC15C3F3E4000D168E /* UIKit.framework */; };
		A1044B16165CCB71002DC3E1 /* Foundation.framework in Frameworks */ = {isa = PBXBuildFile; fileRef = FBB1CDBE15C3F3E4000D168E /* Foundation.framework */; };
		A1044B1C165CCB71002DC3E1 /* InfoPlist.strings in Resources */ = {isa = PBXBuildFile; fileRef = A1044B1A165CCB71002DC3E1 /* InfoPlist.strings */; };
		A1044B34165CD18D002DC3E1 /* config-release.xcconfig in Resources */ = {isa = PBXBuildFile; fileRef = A1044B31165CD18C002DC3E1 /* config-release.xcconfig */; };
		A1044B35165CD18D002DC3E1 /* config-debug.xcconfig in Resources */ = {isa = PBXBuildFile; fileRef = A1044B32165CD18C002DC3E1 /* config-debug.xcconfig */; };
		A1044B36165CD18D002DC3E1 /* config-common.xcconfig in Resources */ = {isa = PBXBuildFile; fileRef = A1044B33165CD18D002DC3E1 /* config-common.xcconfig */; };
		A1044B85165CDA42002DC3E1 /* ResillienceSpec.m in Sources */ = {isa = PBXBuildFile; fileRef = A1044B84165CDA42002DC3E1 /* ResillienceSpec.m */; };
		A19A78F3166AD88400A49071 /* air.png in Resources */ = {isa = PBXBuildFile; fileRef = A19A78EF166AD88400A49071 /* air.png */; };
		A19A78F4166AD88400A49071 /* air@2x.png in Resources */ = {isa = PBXBuildFile; fileRef = A19A78F0166AD88400A49071 /* air@2x.png */; };
		A19A78F5166AD88400A49071 /* fire.png in Resources */ = {isa = PBXBuildFile; fileRef = A19A78F1166AD88400A49071 /* fire.png */; };
		A19A78F6166AD88400A49071 /* fire@2x.png in Resources */ = {isa = PBXBuildFile; fileRef = A19A78F2166AD88400A49071 /* fire@2x.png */; };
		A19A78F9166AD94800A49071 /* water.png in Resources */ = {isa = PBXBuildFile; fileRef = A19A78F7166AD94800A49071 /* water.png */; };
		A19A78FA166AD94800A49071 /* water@2x.png in Resources */ = {isa = PBXBuildFile; fileRef = A19A78F8166AD94800A49071 /* water@2x.png */; };
		A1DDA47D16661980003A21C0 /* IssueMapViewController.m in Sources */ = {isa = PBXBuildFile; fileRef = A1DDA47A16661980003A21C0 /* IssueMapViewController.m */; };
		A1DDA47E16661980003A21C0 /* IssueListViewController.m in Sources */ = {isa = PBXBuildFile; fileRef = A1DDA47C16661980003A21C0 /* IssueListViewController.m */; };
		A1DDA4D516661F34003A21C0 /* AddButton.png in Resources */ = {isa = PBXBuildFile; fileRef = A1DDA4B916661F34003A21C0 /* AddButton.png */; };
		A1DDA4D616661F34003A21C0 /* AddButton@2x.png in Resources */ = {isa = PBXBuildFile; fileRef = A1DDA4BA16661F34003A21C0 /* AddButton@2x.png */; };
		A1DDA4D716661F34003A21C0 /* LeftControlDeselected.png in Resources */ = {isa = PBXBuildFile; fileRef = A1DDA4BB16661F34003A21C0 /* LeftControlDeselected.png */; };
		A1DDA4D816661F34003A21C0 /* LeftControlDeselected@2x.png in Resources */ = {isa = PBXBuildFile; fileRef = A1DDA4BC16661F34003A21C0 /* LeftControlDeselected@2x.png */; };
		A1DDA4D916661F34003A21C0 /* LeftControlSelected.png in Resources */ = {isa = PBXBuildFile; fileRef = A1DDA4BD16661F34003A21C0 /* LeftControlSelected.png */; };
		A1DDA4DA16661F34003A21C0 /* LeftControlSelected@2x.png in Resources */ = {isa = PBXBuildFile; fileRef = A1DDA4BE16661F34003A21C0 /* LeftControlSelected@2x.png */; };
		A1DDA4DB16661F34003A21C0 /* RightControlDeselected.png in Resources */ = {isa = PBXBuildFile; fileRef = A1DDA4BF16661F34003A21C0 /* RightControlDeselected.png */; };
		A1DDA4DC16661F34003A21C0 /* RightControlDeselected@2x.png in Resources */ = {isa = PBXBuildFile; fileRef = A1DDA4C016661F34003A21C0 /* RightControlDeselected@2x.png */; };
		A1DDA4DD16661F34003A21C0 /* RightControlSelected.png in Resources */ = {isa = PBXBuildFile; fileRef = A1DDA4C116661F34003A21C0 /* RightControlSelected.png */; };
		A1DDA4DE16661F34003A21C0 /* RightControlSelected@2x.png in Resources */ = {isa = PBXBuildFile; fileRef = A1DDA4C216661F34003A21C0 /* RightControlSelected@2x.png */; };
		A1DDA4DF16661F34003A21C0 /* TabBar-IssueList.png in Resources */ = {isa = PBXBuildFile; fileRef = A1DDA4C316661F34003A21C0 /* TabBar-IssueList.png */; };
		A1DDA4E016661F34003A21C0 /* TabBar-IssueList@2x.png in Resources */ = {isa = PBXBuildFile; fileRef = A1DDA4C416661F34003A21C0 /* TabBar-IssueList@2x.png */; };
		A1DDA4E116661F34003A21C0 /* TabBar-IssueListSelected.png in Resources */ = {isa = PBXBuildFile; fileRef = A1DDA4C516661F34003A21C0 /* TabBar-IssueListSelected.png */; };
		A1DDA4E216661F34003A21C0 /* TabBar-IssueListSelected@2x.png in Resources */ = {isa = PBXBuildFile; fileRef = A1DDA4C616661F34003A21C0 /* TabBar-IssueListSelected@2x.png */; };
		A1DDA4E316661F34003A21C0 /* TabBar-IssueMap.png in Resources */ = {isa = PBXBuildFile; fileRef = A1DDA4C716661F34003A21C0 /* TabBar-IssueMap.png */; };
		A1DDA4E416661F34003A21C0 /* TabBar-IssueMap@2x.png in Resources */ = {isa = PBXBuildFile; fileRef = A1DDA4C816661F34003A21C0 /* TabBar-IssueMap@2x.png */; };
		A1DDA4E516661F34003A21C0 /* TabBar-IssueMapSelected.png in Resources */ = {isa = PBXBuildFile; fileRef = A1DDA4C916661F34003A21C0 /* TabBar-IssueMapSelected.png */; };
		A1DDA4E616661F34003A21C0 /* TabBar-IssueMapSelected@2x.png in Resources */ = {isa = PBXBuildFile; fileRef = A1DDA4CA16661F34003A21C0 /* TabBar-IssueMapSelected@2x.png */; };
		A1DDA4E716661F34003A21C0 /* TabBarSelection.png in Resources */ = {isa = PBXBuildFile; fileRef = A1DDA4CB16661F34003A21C0 /* TabBarSelection.png */; };
		A1DDA4E816661F34003A21C0 /* TabBarSelection@2x.png in Resources */ = {isa = PBXBuildFile; fileRef = A1DDA4CC16661F34003A21C0 /* TabBarSelection@2x.png */; };
		A1DDA4E916661F34003A21C0 /* TitleBar-Direction.png in Resources */ = {isa = PBXBuildFile; fileRef = A1DDA4CD16661F34003A21C0 /* TitleBar-Direction.png */; };
		A1DDA4EA16661F34003A21C0 /* TitleBar-Direction@2x.png in Resources */ = {isa = PBXBuildFile; fileRef = A1DDA4CE16661F34003A21C0 /* TitleBar-Direction@2x.png */; };
		A1DDA4EB16661F34003A21C0 /* TitleBar-DirectionHiLite.png in Resources */ = {isa = PBXBuildFile; fileRef = A1DDA4CF16661F34003A21C0 /* TitleBar-DirectionHiLite.png */; };
		A1DDA4EC16661F34003A21C0 /* TitleBar-DirectionHiLite@2x.png in Resources */ = {isa = PBXBuildFile; fileRef = A1DDA4D016661F34003A21C0 /* TitleBar-DirectionHiLite@2x.png */; };
		A1DDA4ED16661F34003A21C0 /* TitleBar.png in Resources */ = {isa = PBXBuildFile; fileRef = A1DDA4D116661F34003A21C0 /* TitleBar.png */; };
		A1DDA4EE16661F34003A21C0 /* TitleBar@2x.png in Resources */ = {isa = PBXBuildFile; fileRef = A1DDA4D216661F34003A21C0 /* TitleBar@2x.png */; };
		A1DDA4EF16661F34003A21C0 /* TitleBarOverlap.png in Resources */ = {isa = PBXBuildFile; fileRef = A1DDA4D316661F34003A21C0 /* TitleBarOverlap.png */; };
		A1DDA4F016661F34003A21C0 /* TitleBarOverlap@2x.png in Resources */ = {isa = PBXBuildFile; fileRef = A1DDA4D416661F34003A21C0 /* TitleBarOverlap@2x.png */; };
		A1DDA5771668DDFE003A21C0 /* QuartzCore.framework in Frameworks */ = {isa = PBXBuildFile; fileRef = A1DDA5761668DDFE003A21C0 /* QuartzCore.framework */; };
		A1DDA5A21669C45F003A21C0 /* SystemConfiguration.framework in Frameworks */ = {isa = PBXBuildFile; fileRef = A1DDA5A01669C3F9003A21C0 /* SystemConfiguration.framework */; };
		A1DDA5A41669C591003A21C0 /* MobileCoreServices.framework in Frameworks */ = {isa = PBXBuildFile; fileRef = A1DDA5A31669C591003A21C0 /* MobileCoreServices.framework */; };
		FB1EA1221669E2F7002B93EF /* MapKit.framework in Frameworks */ = {isa = PBXBuildFile; fileRef = FB1EA1211669E2F6002B93EF /* MapKit.framework */; };
		FB1EA1271669E38D002B93EF /* WaypointAnnotation.m in Sources */ = {isa = PBXBuildFile; fileRef = FB1EA1261669E38D002B93EF /* WaypointAnnotation.m */; };
		FB1EA1341669E39B002B93EF /* Annotation.m in Sources */ = {isa = PBXBuildFile; fileRef = FB1EA12A1669E39B002B93EF /* Annotation.m */; };
		FB1EA1351669E39B002B93EF /* color.png in Resources */ = {isa = PBXBuildFile; fileRef = FB1EA12B1669E39B002B93EF /* color.png */; };
		FB1EA1361669E39B002B93EF /* color@2x.png in Resources */ = {isa = PBXBuildFile; fileRef = FB1EA12C1669E39B002B93EF /* color@2x.png */; };
		FB1EA1371669E39B002B93EF /* README.md in Resources */ = {isa = PBXBuildFile; fileRef = FB1EA12D1669E39B002B93EF /* README.md */; };
		FB1EA1381669E39B002B93EF /* shading.png in Resources */ = {isa = PBXBuildFile; fileRef = FB1EA12E1669E39B002B93EF /* shading.png */; };
		FB1EA1391669E39B002B93EF /* shading@2x.png in Resources */ = {isa = PBXBuildFile; fileRef = FB1EA12F1669E39B002B93EF /* shading@2x.png */; };
		FB1EA13A1669E39B002B93EF /* stick.png in Resources */ = {isa = PBXBuildFile; fileRef = FB1EA1301669E39B002B93EF /* stick.png */; };
		FB1EA13B1669E39B002B93EF /* stick@2x.png in Resources */ = {isa = PBXBuildFile; fileRef = FB1EA1311669E39B002B93EF /* stick@2x.png */; };
		FB1EA13C1669E39B002B93EF /* ZSPinAnnotation.m in Sources */ = {isa = PBXBuildFile; fileRef = FB1EA1331669E39B002B93EF /* ZSPinAnnotation.m */; };
		FB1EA13E1669F8D4002B93EF /* CoreLocation.framework in Frameworks */ = {isa = PBXBuildFile; fileRef = FB1EA13D1669F8D4002B93EF /* CoreLocation.framework */; };
		FBB1CDBD15C3F3E4000D168E /* UIKit.framework in Frameworks */ = {isa = PBXBuildFile; fileRef = FBB1CDBC15C3F3E4000D168E /* UIKit.framework */; };
		FBB1CDBF15C3F3E4000D168E /* Foundation.framework in Frameworks */ = {isa = PBXBuildFile; fileRef = FBB1CDBE15C3F3E4000D168E /* Foundation.framework */; };
		FBB1CDC115C3F3E4000D168E /* CoreGraphics.framework in Frameworks */ = {isa = PBXBuildFile; fileRef = FBB1CDC015C3F3E4000D168E /* CoreGraphics.framework */; };
		FBB1CDC715C3F3E4000D168E /* InfoPlist.strings in Resources */ = {isa = PBXBuildFile; fileRef = FBB1CDC515C3F3E4000D168E /* InfoPlist.strings */; };
		FBB1CDC915C3F3E4000D168E /* main.m in Sources */ = {isa = PBXBuildFile; fileRef = FBB1CDC815C3F3E4000D168E /* main.m */; };
		FBB1CDCD15C3F3E4000D168E /* AppDelegate.m in Sources */ = {isa = PBXBuildFile; fileRef = FBB1CDCC15C3F3E4000D168E /* AppDelegate.m */; };
		FBB1CDD815C3F3E4000D168E /* first.png in Resources */ = {isa = PBXBuildFile; fileRef = FBB1CDD715C3F3E4000D168E /* first.png */; };
		FBB1CDDA15C3F3E4000D168E /* first@2x.png in Resources */ = {isa = PBXBuildFile; fileRef = FBB1CDD915C3F3E4000D168E /* first@2x.png */; };
		FBB1CDDF15C3F3E4000D168E /* second.png in Resources */ = {isa = PBXBuildFile; fileRef = FBB1CDDE15C3F3E4000D168E /* second.png */; };
		FBB1CDE115C3F3E4000D168E /* second@2x.png in Resources */ = {isa = PBXBuildFile; fileRef = FBB1CDE015C3F3E4000D168E /* second@2x.png */; };
/* End PBXBuildFile section */

/* Begin PBXFileReference section */
		2DC1807D58B75EBE487FA664 /* ParseClient.m */ = {isa = PBXFileReference; fileEncoding = 4; lastKnownFileType = sourcecode.c.objc; path = ParseClient.m; sourceTree = "<group>"; };
		2DC181A0AFCCA91F98A2E406 /* UIColor+Resilience.h */ = {isa = PBXFileReference; fileEncoding = 4; lastKnownFileType = sourcecode.c.h; path = "UIColor+Resilience.h"; sourceTree = "<group>"; };
		2DC181D862EA2D5C45DCA61B /* IncidentCategory+Waypoint.h */ = {isa = PBXFileReference; fileEncoding = 4; lastKnownFileType = sourcecode.c.h; path = "IncidentCategory+Waypoint.h"; sourceTree = "<group>"; };
		2DC1834ADA9D6FA0D8F84BD6 /* Incident.h */ = {isa = PBXFileReference; fileEncoding = 4; lastKnownFileType = sourcecode.c.h; path = Incident.h; sourceTree = "<group>"; };
		2DC186B3B33F3F312A621DE4 /* ParseClient.h */ = {isa = PBXFileReference; fileEncoding = 4; lastKnownFileType = sourcecode.c.h; path = ParseClient.h; sourceTree = "<group>"; };
		2DC18752B9B2297998D7B088 /* IncidentCell.h */ = {isa = PBXFileReference; fileEncoding = 4; lastKnownFileType = sourcecode.c.h; path = IncidentCell.h; sourceTree = "<group>"; };
		2DC187887B871227C6EE0E65 /* IncidentCategory.m */ = {isa = PBXFileReference; fileEncoding = 4; lastKnownFileType = sourcecode.c.objc; path = IncidentCategory.m; sourceTree = "<group>"; };
		2DC187DD8349A574AC332C2E /* IncidentCategory+Image.h */ = {isa = PBXFileReference; fileEncoding = 4; lastKnownFileType = sourcecode.c.h; path = "IncidentCategory+Image.h"; sourceTree = "<group>"; };
		2DC188C66B7EEA2E54A8F67C /* UITextField+Resilience.h */ = {isa = PBXFileReference; fileEncoding = 4; lastKnownFileType = sourcecode.c.h; path = "UITextField+Resilience.h"; sourceTree = "<group>"; };
		2DC18B2D4F1831DEEC671AFB /* UITextField+Resilience.m */ = {isa = PBXFileReference; fileEncoding = 4; lastKnownFileType = sourcecode.c.objc; path = "UITextField+Resilience.m"; sourceTree = "<group>"; };
		2DC18B61E739350DB1EF95B7 /* IncidentCategory+Image.m */ = {isa = PBXFileReference; fileEncoding = 4; lastKnownFileType = sourcecode.c.objc; path = "IncidentCategory+Image.m"; sourceTree = "<group>"; };
		2DC18C19C222D79F56128B9F /* IncidentCategory.h */ = {isa = PBXFileReference; fileEncoding = 4; lastKnownFileType = sourcecode.c.h; path = IncidentCategory.h; sourceTree = "<group>"; };
		2DC18C74E4CAEA46175AF113 /* IncidentCell.m */ = {isa = PBXFileReference; fileEncoding = 4; lastKnownFileType = sourcecode.c.objc; path = IncidentCell.m; sourceTree = "<group>"; };
		2DC18D491FE47ADF35F86F41 /* AddIncidentViewController.m */ = {isa = PBXFileReference; fileEncoding = 4; lastKnownFileType = sourcecode.c.objc; path = AddIncidentViewController.m; sourceTree = "<group>"; };
		2DC18D5AE40EEA58FF035E16 /* RootViewController.m */ = {isa = PBXFileReference; fileEncoding = 4; lastKnownFileType = sourcecode.c.objc; path = RootViewController.m; sourceTree = "<group>"; };
		2DC18E4EE87A9F37816EE348 /* UIColor+Resilience.m */ = {isa = PBXFileReference; fileEncoding = 4; lastKnownFileType = sourcecode.c.objc; path = "UIColor+Resilience.m"; sourceTree = "<group>"; };
		2DC18E792BE1EAAFEF6B225A /* IncidentCategory+Waypoint.m */ = {isa = PBXFileReference; fileEncoding = 4; lastKnownFileType = sourcecode.c.objc; path = "IncidentCategory+Waypoint.m"; sourceTree = "<group>"; };
		2DC18F9380670437838A556E /* AddIncidentViewController.h */ = {isa = PBXFileReference; fileEncoding = 4; lastKnownFileType = sourcecode.c.h; path = AddIncidentViewController.h; sourceTree = "<group>"; };
		2DC18F94C37BC75BD6209AA1 /* Incident.m */ = {isa = PBXFileReference; fileEncoding = 4; lastKnownFileType = sourcecode.c.objc; path = Incident.m; sourceTree = "<group>"; };
		2DC18FB9686DF37B1C2A7F16 /* RootViewController.h */ = {isa = PBXFileReference; fileEncoding = 4; lastKnownFileType = sourcecode.c.h; path = RootViewController.h; sourceTree = "<group>"; };
		4FC03149DC7F41B78235D0EC /* Pods.xcconfig */ = {isa = PBXFileReference; includeInIndex = 1; lastKnownFileType = text.xcconfig; name = Pods.xcconfig; path = Pods/Pods.xcconfig; sourceTree = SOURCE_ROOT; };
		8927C79B166ADDC500D501B5 /* IssueViewController.h */ = {isa = PBXFileReference; fileEncoding = 4; lastKnownFileType = sourcecode.c.h; path = IssueViewController.h; sourceTree = "<group>"; };
		8927C79C166ADDC500D501B5 /* IssueViewController.m */ = {isa = PBXFileReference; fileEncoding = 4; lastKnownFileType = sourcecode.c.objc; path = IssueViewController.m; sourceTree = "<group>"; };
		8927C7B4166AE61800D501B5 /* ImageIO.framework */ = {isa = PBXFileReference; lastKnownFileType = wrapper.framework; name = ImageIO.framework; path = System/Library/Frameworks/ImageIO.framework; sourceTree = SDKROOT; };
		98F56E13E3194D75BD49CDDC /* Pods-KiwiUnitTest.xcconfig */ = {isa = PBXFileReference; includeInIndex = 1; lastKnownFileType = text.xcconfig; name = "Pods-KiwiUnitTest.xcconfig"; path = "Pods/Pods-KiwiUnitTest.xcconfig"; sourceTree = SOURCE_ROOT; };
		A1044B13165CCB70002DC3E1 /* KiwiUnitTest.octest */ = {isa = PBXFileReference; explicitFileType = wrapper.cfbundle; includeInIndex = 0; path = KiwiUnitTest.octest; sourceTree = BUILT_PRODUCTS_DIR; };
		A1044B19165CCB71002DC3E1 /* KiwiUnitTest-Info.plist */ = {isa = PBXFileReference; lastKnownFileType = text.plist.xml; path = "KiwiUnitTest-Info.plist"; sourceTree = "<group>"; };
		A1044B1B165CCB71002DC3E1 /* en */ = {isa = PBXFileReference; lastKnownFileType = text.plist.strings; name = en; path = en.lproj/InfoPlist.strings; sourceTree = "<group>"; };
		A1044B20165CCB71002DC3E1 /* KiwiUnitTest-Prefix.pch */ = {isa = PBXFileReference; lastKnownFileType = sourcecode.c.h; path = "KiwiUnitTest-Prefix.pch"; sourceTree = "<group>"; };
		A1044B31165CD18C002DC3E1 /* config-release.xcconfig */ = {isa = PBXFileReference; fileEncoding = 4; lastKnownFileType = text.xcconfig; name = "config-release.xcconfig"; path = "Config/config-release.xcconfig"; sourceTree = "<group>"; };
		A1044B32165CD18C002DC3E1 /* config-debug.xcconfig */ = {isa = PBXFileReference; fileEncoding = 4; lastKnownFileType = text.xcconfig; name = "config-debug.xcconfig"; path = "Config/config-debug.xcconfig"; sourceTree = "<group>"; };
		A1044B33165CD18D002DC3E1 /* config-common.xcconfig */ = {isa = PBXFileReference; fileEncoding = 4; lastKnownFileType = text.xcconfig; name = "config-common.xcconfig"; path = "Config/config-common.xcconfig"; sourceTree = "<group>"; };
		A1044B84165CDA42002DC3E1 /* ResillienceSpec.m */ = {isa = PBXFileReference; fileEncoding = 4; lastKnownFileType = sourcecode.c.objc; path = ResillienceSpec.m; sourceTree = "<group>"; };
		A1044BA01660889B002DC3E1 /* config-test.xcconfig */ = {isa = PBXFileReference; lastKnownFileType = text.xcconfig; name = "config-test.xcconfig"; path = "Config/config-test.xcconfig"; sourceTree = "<group>"; };
		A19A78EF166AD88400A49071 /* air.png */ = {isa = PBXFileReference; lastKnownFileType = image.png; path = air.png; sourceTree = "<group>"; };
		A19A78F0166AD88400A49071 /* air@2x.png */ = {isa = PBXFileReference; lastKnownFileType = image.png; path = "air@2x.png"; sourceTree = "<group>"; };
		A19A78F1166AD88400A49071 /* fire.png */ = {isa = PBXFileReference; lastKnownFileType = image.png; path = fire.png; sourceTree = "<group>"; };
		A19A78F2166AD88400A49071 /* fire@2x.png */ = {isa = PBXFileReference; lastKnownFileType = image.png; path = "fire@2x.png"; sourceTree = "<group>"; };
		A19A78F7166AD94800A49071 /* water.png */ = {isa = PBXFileReference; lastKnownFileType = image.png; path = water.png; sourceTree = "<group>"; };
		A19A78F8166AD94800A49071 /* water@2x.png */ = {isa = PBXFileReference; lastKnownFileType = image.png; path = "water@2x.png"; sourceTree = "<group>"; };
		A1DDA47916661980003A21C0 /* IssueMapViewController.h */ = {isa = PBXFileReference; fileEncoding = 4; lastKnownFileType = sourcecode.c.h; path = IssueMapViewController.h; sourceTree = "<group>"; };
		A1DDA47A16661980003A21C0 /* IssueMapViewController.m */ = {isa = PBXFileReference; fileEncoding = 4; lastKnownFileType = sourcecode.c.objc; path = IssueMapViewController.m; sourceTree = "<group>"; };
		A1DDA47B16661980003A21C0 /* IssueListViewController.h */ = {isa = PBXFileReference; fileEncoding = 4; lastKnownFileType = sourcecode.c.h; path = IssueListViewController.h; sourceTree = "<group>"; };
		A1DDA47C16661980003A21C0 /* IssueListViewController.m */ = {isa = PBXFileReference; fileEncoding = 4; lastKnownFileType = sourcecode.c.objc; path = IssueListViewController.m; sourceTree = "<group>"; };
		A1DDA4B916661F34003A21C0 /* AddButton.png */ = {isa = PBXFileReference; lastKnownFileType = image.png; path = AddButton.png; sourceTree = "<group>"; };
		A1DDA4BA16661F34003A21C0 /* AddButton@2x.png */ = {isa = PBXFileReference; lastKnownFileType = image.png; path = "AddButton@2x.png"; sourceTree = "<group>"; };
		A1DDA4BB16661F34003A21C0 /* LeftControlDeselected.png */ = {isa = PBXFileReference; lastKnownFileType = image.png; path = LeftControlDeselected.png; sourceTree = "<group>"; };
		A1DDA4BC16661F34003A21C0 /* LeftControlDeselected@2x.png */ = {isa = PBXFileReference; lastKnownFileType = image.png; path = "LeftControlDeselected@2x.png"; sourceTree = "<group>"; };
		A1DDA4BD16661F34003A21C0 /* LeftControlSelected.png */ = {isa = PBXFileReference; lastKnownFileType = image.png; path = LeftControlSelected.png; sourceTree = "<group>"; };
		A1DDA4BE16661F34003A21C0 /* LeftControlSelected@2x.png */ = {isa = PBXFileReference; lastKnownFileType = image.png; path = "LeftControlSelected@2x.png"; sourceTree = "<group>"; };
		A1DDA4BF16661F34003A21C0 /* RightControlDeselected.png */ = {isa = PBXFileReference; lastKnownFileType = image.png; path = RightControlDeselected.png; sourceTree = "<group>"; };
		A1DDA4C016661F34003A21C0 /* RightControlDeselected@2x.png */ = {isa = PBXFileReference; lastKnownFileType = image.png; path = "RightControlDeselected@2x.png"; sourceTree = "<group>"; };
		A1DDA4C116661F34003A21C0 /* RightControlSelected.png */ = {isa = PBXFileReference; lastKnownFileType = image.png; path = RightControlSelected.png; sourceTree = "<group>"; };
		A1DDA4C216661F34003A21C0 /* RightControlSelected@2x.png */ = {isa = PBXFileReference; lastKnownFileType = image.png; path = "RightControlSelected@2x.png"; sourceTree = "<group>"; };
		A1DDA4C316661F34003A21C0 /* TabBar-IssueList.png */ = {isa = PBXFileReference; lastKnownFileType = image.png; path = "TabBar-IssueList.png"; sourceTree = "<group>"; };
		A1DDA4C416661F34003A21C0 /* TabBar-IssueList@2x.png */ = {isa = PBXFileReference; lastKnownFileType = image.png; path = "TabBar-IssueList@2x.png"; sourceTree = "<group>"; };
		A1DDA4C516661F34003A21C0 /* TabBar-IssueListSelected.png */ = {isa = PBXFileReference; lastKnownFileType = image.png; path = "TabBar-IssueListSelected.png"; sourceTree = "<group>"; };
		A1DDA4C616661F34003A21C0 /* TabBar-IssueListSelected@2x.png */ = {isa = PBXFileReference; lastKnownFileType = image.png; path = "TabBar-IssueListSelected@2x.png"; sourceTree = "<group>"; };
		A1DDA4C716661F34003A21C0 /* TabBar-IssueMap.png */ = {isa = PBXFileReference; lastKnownFileType = image.png; path = "TabBar-IssueMap.png"; sourceTree = "<group>"; };
		A1DDA4C816661F34003A21C0 /* TabBar-IssueMap@2x.png */ = {isa = PBXFileReference; lastKnownFileType = image.png; path = "TabBar-IssueMap@2x.png"; sourceTree = "<group>"; };
		A1DDA4C916661F34003A21C0 /* TabBar-IssueMapSelected.png */ = {isa = PBXFileReference; lastKnownFileType = image.png; path = "TabBar-IssueMapSelected.png"; sourceTree = "<group>"; };
		A1DDA4CA16661F34003A21C0 /* TabBar-IssueMapSelected@2x.png */ = {isa = PBXFileReference; lastKnownFileType = image.png; path = "TabBar-IssueMapSelected@2x.png"; sourceTree = "<group>"; };
		A1DDA4CB16661F34003A21C0 /* TabBarSelection.png */ = {isa = PBXFileReference; lastKnownFileType = image.png; path = TabBarSelection.png; sourceTree = "<group>"; };
		A1DDA4CC16661F34003A21C0 /* TabBarSelection@2x.png */ = {isa = PBXFileReference; lastKnownFileType = image.png; path = "TabBarSelection@2x.png"; sourceTree = "<group>"; };
		A1DDA4CD16661F34003A21C0 /* TitleBar-Direction.png */ = {isa = PBXFileReference; lastKnownFileType = image.png; path = "TitleBar-Direction.png"; sourceTree = "<group>"; };
		A1DDA4CE16661F34003A21C0 /* TitleBar-Direction@2x.png */ = {isa = PBXFileReference; lastKnownFileType = image.png; path = "TitleBar-Direction@2x.png"; sourceTree = "<group>"; };
		A1DDA4CF16661F34003A21C0 /* TitleBar-DirectionHiLite.png */ = {isa = PBXFileReference; lastKnownFileType = image.png; path = "TitleBar-DirectionHiLite.png"; sourceTree = "<group>"; };
		A1DDA4D016661F34003A21C0 /* TitleBar-DirectionHiLite@2x.png */ = {isa = PBXFileReference; lastKnownFileType = image.png; path = "TitleBar-DirectionHiLite@2x.png"; sourceTree = "<group>"; };
		A1DDA4D116661F34003A21C0 /* TitleBar.png */ = {isa = PBXFileReference; lastKnownFileType = image.png; path = TitleBar.png; sourceTree = "<group>"; };
		A1DDA4D216661F34003A21C0 /* TitleBar@2x.png */ = {isa = PBXFileReference; lastKnownFileType = image.png; path = "TitleBar@2x.png"; sourceTree = "<group>"; };
		A1DDA4D316661F34003A21C0 /* TitleBarOverlap.png */ = {isa = PBXFileReference; lastKnownFileType = image.png; path = TitleBarOverlap.png; sourceTree = "<group>"; };
		A1DDA4D416661F34003A21C0 /* TitleBarOverlap@2x.png */ = {isa = PBXFileReference; lastKnownFileType = image.png; path = "TitleBarOverlap@2x.png"; sourceTree = "<group>"; };
		A1DDA5761668DDFE003A21C0 /* QuartzCore.framework */ = {isa = PBXFileReference; lastKnownFileType = wrapper.framework; name = QuartzCore.framework; path = System/Library/Frameworks/QuartzCore.framework; sourceTree = SDKROOT; };
		A1DDA5A01669C3F9003A21C0 /* SystemConfiguration.framework */ = {isa = PBXFileReference; lastKnownFileType = wrapper.framework; name = SystemConfiguration.framework; path = System/Library/Frameworks/SystemConfiguration.framework; sourceTree = SDKROOT; };
		A1DDA5A31669C591003A21C0 /* MobileCoreServices.framework */ = {isa = PBXFileReference; lastKnownFileType = wrapper.framework; name = MobileCoreServices.framework; path = System/Library/Frameworks/MobileCoreServices.framework; sourceTree = SDKROOT; };
		C1FC1857335340F486B2BB90 /* libPods.a */ = {isa = PBXFileReference; explicitFileType = archive.ar; includeInIndex = 0; path = libPods.a; sourceTree = BUILT_PRODUCTS_DIR; };
		DD42F235B7AD4535AB41FD22 /* libPods-KiwiUnitTest.a */ = {isa = PBXFileReference; explicitFileType = archive.ar; includeInIndex = 0; path = "libPods-KiwiUnitTest.a"; sourceTree = BUILT_PRODUCTS_DIR; };
		FB1EA1211669E2F6002B93EF /* MapKit.framework */ = {isa = PBXFileReference; lastKnownFileType = wrapper.framework; name = MapKit.framework; path = System/Library/Frameworks/MapKit.framework; sourceTree = SDKROOT; };
		FB1EA1251669E38D002B93EF /* WaypointAnnotation.h */ = {isa = PBXFileReference; fileEncoding = 4; lastKnownFileType = sourcecode.c.h; path = WaypointAnnotation.h; sourceTree = "<group>"; };
		FB1EA1261669E38D002B93EF /* WaypointAnnotation.m */ = {isa = PBXFileReference; fileEncoding = 4; lastKnownFileType = sourcecode.c.objc; path = WaypointAnnotation.m; sourceTree = "<group>"; };
		FB1EA1291669E39B002B93EF /* Annotation.h */ = {isa = PBXFileReference; fileEncoding = 4; lastKnownFileType = sourcecode.c.h; path = Annotation.h; sourceTree = "<group>"; };
		FB1EA12A1669E39B002B93EF /* Annotation.m */ = {isa = PBXFileReference; fileEncoding = 4; lastKnownFileType = sourcecode.c.objc; path = Annotation.m; sourceTree = "<group>"; };
		FB1EA12B1669E39B002B93EF /* color.png */ = {isa = PBXFileReference; lastKnownFileType = image.png; path = color.png; sourceTree = "<group>"; };
		FB1EA12C1669E39B002B93EF /* color@2x.png */ = {isa = PBXFileReference; lastKnownFileType = image.png; path = "color@2x.png"; sourceTree = "<group>"; };
		FB1EA12D1669E39B002B93EF /* README.md */ = {isa = PBXFileReference; fileEncoding = 4; lastKnownFileType = text; path = README.md; sourceTree = "<group>"; };
		FB1EA12E1669E39B002B93EF /* shading.png */ = {isa = PBXFileReference; lastKnownFileType = image.png; path = shading.png; sourceTree = "<group>"; };
		FB1EA12F1669E39B002B93EF /* shading@2x.png */ = {isa = PBXFileReference; lastKnownFileType = image.png; path = "shading@2x.png"; sourceTree = "<group>"; };
		FB1EA1301669E39B002B93EF /* stick.png */ = {isa = PBXFileReference; lastKnownFileType = image.png; path = stick.png; sourceTree = "<group>"; };
		FB1EA1311669E39B002B93EF /* stick@2x.png */ = {isa = PBXFileReference; lastKnownFileType = image.png; path = "stick@2x.png"; sourceTree = "<group>"; };
		FB1EA1321669E39B002B93EF /* ZSPinAnnotation.h */ = {isa = PBXFileReference; fileEncoding = 4; lastKnownFileType = sourcecode.c.h; path = ZSPinAnnotation.h; sourceTree = "<group>"; };
		FB1EA1331669E39B002B93EF /* ZSPinAnnotation.m */ = {isa = PBXFileReference; fileEncoding = 4; lastKnownFileType = sourcecode.c.objc; path = ZSPinAnnotation.m; sourceTree = "<group>"; };
		FB1EA13D1669F8D4002B93EF /* CoreLocation.framework */ = {isa = PBXFileReference; lastKnownFileType = wrapper.framework; name = CoreLocation.framework; path = System/Library/Frameworks/CoreLocation.framework; sourceTree = SDKROOT; };
		FBB1CDB815C3F3E4000D168E /* Resilience.app */ = {isa = PBXFileReference; explicitFileType = wrapper.application; includeInIndex = 0; path = Resilience.app; sourceTree = BUILT_PRODUCTS_DIR; };
		FBB1CDBC15C3F3E4000D168E /* UIKit.framework */ = {isa = PBXFileReference; includeInIndex = 1; lastKnownFileType = wrapper.framework; name = UIKit.framework; path = System/Library/Frameworks/UIKit.framework; sourceTree = SDKROOT; };
		FBB1CDBE15C3F3E4000D168E /* Foundation.framework */ = {isa = PBXFileReference; includeInIndex = 1; lastKnownFileType = wrapper.framework; name = Foundation.framework; path = System/Library/Frameworks/Foundation.framework; sourceTree = SDKROOT; };
		FBB1CDC015C3F3E4000D168E /* CoreGraphics.framework */ = {isa = PBXFileReference; includeInIndex = 1; lastKnownFileType = wrapper.framework; name = CoreGraphics.framework; path = System/Library/Frameworks/CoreGraphics.framework; sourceTree = SDKROOT; };
		FBB1CDC415C3F3E4000D168E /* Resilience-Info.plist */ = {isa = PBXFileReference; lastKnownFileType = text.plist.xml; path = "Resilience-Info.plist"; sourceTree = "<group>"; };
		FBB1CDC615C3F3E4000D168E /* en */ = {isa = PBXFileReference; lastKnownFileType = text.plist.strings; name = en; path = en.lproj/InfoPlist.strings; sourceTree = "<group>"; };
		FBB1CDC815C3F3E4000D168E /* main.m */ = {isa = PBXFileReference; lastKnownFileType = sourcecode.c.objc; path = main.m; sourceTree = "<group>"; };
		FBB1CDCA15C3F3E4000D168E /* Resilience-Prefix.pch */ = {isa = PBXFileReference; lastKnownFileType = sourcecode.c.h; path = "Resilience-Prefix.pch"; sourceTree = "<group>"; };
		FBB1CDCB15C3F3E4000D168E /* AppDelegate.h */ = {isa = PBXFileReference; lastKnownFileType = sourcecode.c.h; path = AppDelegate.h; sourceTree = "<group>"; };
		FBB1CDCC15C3F3E4000D168E /* AppDelegate.m */ = {isa = PBXFileReference; lastKnownFileType = sourcecode.c.objc; path = AppDelegate.m; sourceTree = "<group>"; };
		FBB1CDD715C3F3E4000D168E /* first.png */ = {isa = PBXFileReference; lastKnownFileType = image.png; path = first.png; sourceTree = "<group>"; };
		FBB1CDD915C3F3E4000D168E /* first@2x.png */ = {isa = PBXFileReference; lastKnownFileType = image.png; path = "first@2x.png"; sourceTree = "<group>"; };
		FBB1CDDE15C3F3E4000D168E /* second.png */ = {isa = PBXFileReference; lastKnownFileType = image.png; path = second.png; sourceTree = "<group>"; };
		FBB1CDE015C3F3E4000D168E /* second@2x.png */ = {isa = PBXFileReference; lastKnownFileType = image.png; path = "second@2x.png"; sourceTree = "<group>"; };
		FBB1CDE815C3F3E4000D168E /* SenTestingKit.framework */ = {isa = PBXFileReference; includeInIndex = 1; lastKnownFileType = wrapper.framework; name = SenTestingKit.framework; path = Library/Frameworks/SenTestingKit.framework; sourceTree = DEVELOPER_DIR; };
/* End PBXFileReference section */

/* Begin PBXFrameworksBuildPhase section */
		A1044B0F165CCB70002DC3E1 /* Frameworks */ = {
			isa = PBXFrameworksBuildPhase;
			buildActionMask = 2147483647;
			files = (
				A1044B14165CCB71002DC3E1 /* SenTestingKit.framework in Frameworks */,
				A1044B15165CCB71002DC3E1 /* UIKit.framework in Frameworks */,
				A1044B16165CCB71002DC3E1 /* Foundation.framework in Frameworks */,
				1A86D59268EF4D8C8A67442B /* libPods-KiwiUnitTest.a in Frameworks */,
			);
			runOnlyForDeploymentPostprocessing = 0;
		};
		FBB1CDB515C3F3E4000D168E /* Frameworks */ = {
			isa = PBXFrameworksBuildPhase;
			buildActionMask = 2147483647;
			files = (
				8927C7B5166AE61800D501B5 /* ImageIO.framework in Frameworks */,
				FB1EA13E1669F8D4002B93EF /* CoreLocation.framework in Frameworks */,
				FB1EA1221669E2F7002B93EF /* MapKit.framework in Frameworks */,
				A1DDA5A41669C591003A21C0 /* MobileCoreServices.framework in Frameworks */,
				A1DDA5A21669C45F003A21C0 /* SystemConfiguration.framework in Frameworks */,
				A1DDA5771668DDFE003A21C0 /* QuartzCore.framework in Frameworks */,
				FBB1CDBD15C3F3E4000D168E /* UIKit.framework in Frameworks */,
				FBB1CDBF15C3F3E4000D168E /* Foundation.framework in Frameworks */,
				FBB1CDC115C3F3E4000D168E /* CoreGraphics.framework in Frameworks */,
				36006BB38007457FAB707F62 /* libPods.a in Frameworks */,
			);
			runOnlyForDeploymentPostprocessing = 0;
		};
/* End PBXFrameworksBuildPhase section */

/* Begin PBXGroup section */
		2DC1816390D85C804900DC13 /* Clients */ = {
			isa = PBXGroup;
			children = (
				2DC186B3B33F3F312A621DE4 /* ParseClient.h */,
				2DC1807D58B75EBE487FA664 /* ParseClient.m */,
			);
			path = Clients;
			sourceTree = "<group>";
		};
		2DC18CD5D5E91A5CBC3C5A98 /* Style */ = {
			isa = PBXGroup;
			children = (
				2DC18B2D4F1831DEEC671AFB /* UITextField+Resilience.m */,
				2DC188C66B7EEA2E54A8F67C /* UITextField+Resilience.h */,
				2DC18E4EE87A9F37816EE348 /* UIColor+Resilience.m */,
				2DC181A0AFCCA91F98A2E406 /* UIColor+Resilience.h */,
				2DC18B61E739350DB1EF95B7 /* IncidentCategory+Image.m */,
				2DC187DD8349A574AC332C2E /* IncidentCategory+Image.h */,
				2DC18E792BE1EAAFEF6B225A /* IncidentCategory+Waypoint.m */,
				2DC181D862EA2D5C45DCA61B /* IncidentCategory+Waypoint.h */,
			);
			path = Style;
			sourceTree = "<group>";
		};
		2DC18D0F0EB804C787291455 /* Models */ = {
			isa = PBXGroup;
			children = (
				2DC1834ADA9D6FA0D8F84BD6 /* Incident.h */,
				2DC18F94C37BC75BD6209AA1 /* Incident.m */,
				2DC187887B871227C6EE0E65 /* IncidentCategory.m */,
				2DC18C19C222D79F56128B9F /* IncidentCategory.h */,
			);
			path = Models;
			sourceTree = "<group>";
		};
		2DC18F9745EB4C28FE5E7E15 /* Views */ = {
			isa = PBXGroup;
			children = (
				2DC18752B9B2297998D7B088 /* IncidentCell.h */,
				2DC18C74E4CAEA46175AF113 /* IncidentCell.m */,
			);
			path = Views;
			sourceTree = "<group>";
		};
		A1044B17165CCB71002DC3E1 /* KiwiUnitTest */ = {
			isa = PBXGroup;
			children = (
				A1044B84165CDA42002DC3E1 /* ResillienceSpec.m */,
				A1044B18165CCB71002DC3E1 /* Supporting Files */,
			);
			path = KiwiUnitTest;
			sourceTree = "<group>";
		};
		A1044B18165CCB71002DC3E1 /* Supporting Files */ = {
			isa = PBXGroup;
			children = (
				A1044B19165CCB71002DC3E1 /* KiwiUnitTest-Info.plist */,
				A1044B1A165CCB71002DC3E1 /* InfoPlist.strings */,
				A1044B20165CCB71002DC3E1 /* KiwiUnitTest-Prefix.pch */,
			);
			name = "Supporting Files";
			sourceTree = "<group>";
		};
		A1044B30165CCD82002DC3E1 /* Configs */ = {
			isa = PBXGroup;
			children = (
				A1044BA01660889B002DC3E1 /* config-test.xcconfig */,
				A1044B31165CD18C002DC3E1 /* config-release.xcconfig */,
				A1044B32165CD18C002DC3E1 /* config-debug.xcconfig */,
				A1044B33165CD18D002DC3E1 /* config-common.xcconfig */,
				4FC03149DC7F41B78235D0EC /* Pods.xcconfig */,
				98F56E13E3194D75BD49CDDC /* Pods-KiwiUnitTest.xcconfig */,
			);
			name = Configs;
			sourceTree = "<group>";
		};
		A1DDA47816661980003A21C0 /* Controllers */ = {
			isa = PBXGroup;
			children = (
				A1DDA47916661980003A21C0 /* IssueMapViewController.h */,
				A1DDA47A16661980003A21C0 /* IssueMapViewController.m */,
				A1DDA47B16661980003A21C0 /* IssueListViewController.h */,
				A1DDA47C16661980003A21C0 /* IssueListViewController.m */,
				2DC18D5AE40EEA58FF035E16 /* RootViewController.m */,
				2DC18FB9686DF37B1C2A7F16 /* RootViewController.h */,
				2DC18D491FE47ADF35F86F41 /* AddIncidentViewController.m */,
				2DC18F9380670437838A556E /* AddIncidentViewController.h */,
				8927C79B166ADDC500D501B5 /* IssueViewController.h */,
				8927C79C166ADDC500D501B5 /* IssueViewController.m */,
			);
			path = Controllers;
			sourceTree = "<group>";
		};
		A1DDA4B816661F34003A21C0 /* Assets */ = {
			isa = PBXGroup;
			children = (
				A19A78F7166AD94800A49071 /* water.png */,
				A19A78F8166AD94800A49071 /* water@2x.png */,
				A19A78EF166AD88400A49071 /* air.png */,
				A19A78F0166AD88400A49071 /* air@2x.png */,
				A19A78F1166AD88400A49071 /* fire.png */,
				A19A78F2166AD88400A49071 /* fire@2x.png */,
				A1DDA4B916661F34003A21C0 /* AddButton.png */,
				A1DDA4BA16661F34003A21C0 /* AddButton@2x.png */,
				A1DDA4BB16661F34003A21C0 /* LeftControlDeselected.png */,
				A1DDA4BC16661F34003A21C0 /* LeftControlDeselected@2x.png */,
				A1DDA4BD16661F34003A21C0 /* LeftControlSelected.png */,
				A1DDA4BE16661F34003A21C0 /* LeftControlSelected@2x.png */,
				A1DDA4BF16661F34003A21C0 /* RightControlDeselected.png */,
				A1DDA4C016661F34003A21C0 /* RightControlDeselected@2x.png */,
				A1DDA4C116661F34003A21C0 /* RightControlSelected.png */,
				A1DDA4C216661F34003A21C0 /* RightControlSelected@2x.png */,
				A1DDA4C316661F34003A21C0 /* TabBar-IssueList.png */,
				A1DDA4C416661F34003A21C0 /* TabBar-IssueList@2x.png */,
				A1DDA4C516661F34003A21C0 /* TabBar-IssueListSelected.png */,
				A1DDA4C616661F34003A21C0 /* TabBar-IssueListSelected@2x.png */,
				A1DDA4C716661F34003A21C0 /* TabBar-IssueMap.png */,
				A1DDA4C816661F34003A21C0 /* TabBar-IssueMap@2x.png */,
				A1DDA4C916661F34003A21C0 /* TabBar-IssueMapSelected.png */,
				A1DDA4CA16661F34003A21C0 /* TabBar-IssueMapSelected@2x.png */,
				A1DDA4CB16661F34003A21C0 /* TabBarSelection.png */,
				A1DDA4CC16661F34003A21C0 /* TabBarSelection@2x.png */,
				A1DDA4CD16661F34003A21C0 /* TitleBar-Direction.png */,
				A1DDA4CE16661F34003A21C0 /* TitleBar-Direction@2x.png */,
				A1DDA4CF16661F34003A21C0 /* TitleBar-DirectionHiLite.png */,
				A1DDA4D016661F34003A21C0 /* TitleBar-DirectionHiLite@2x.png */,
				A1DDA4D116661F34003A21C0 /* TitleBar.png */,
				A1DDA4D216661F34003A21C0 /* TitleBar@2x.png */,
				A1DDA4D316661F34003A21C0 /* TitleBarOverlap.png */,
				A1DDA4D416661F34003A21C0 /* TitleBarOverlap@2x.png */,
			);
			path = Assets;
			sourceTree = "<group>";
		};
		FB1EA1241669E31F002B93EF /* Markers */ = {
			isa = PBXGroup;
			children = (
				FB1EA1281669E39B002B93EF /* ZSPinAnnotation */,
				FB1EA1251669E38D002B93EF /* WaypointAnnotation.h */,
				FB1EA1261669E38D002B93EF /* WaypointAnnotation.m */,
			);
			name = Markers;
			sourceTree = "<group>";
		};
		FB1EA1281669E39B002B93EF /* ZSPinAnnotation */ = {
			isa = PBXGroup;
			children = (
				FB1EA1291669E39B002B93EF /* Annotation.h */,
				FB1EA12A1669E39B002B93EF /* Annotation.m */,
				FB1EA12B1669E39B002B93EF /* color.png */,
				FB1EA12C1669E39B002B93EF /* color@2x.png */,
				FB1EA12D1669E39B002B93EF /* README.md */,
				FB1EA12E1669E39B002B93EF /* shading.png */,
				FB1EA12F1669E39B002B93EF /* shading@2x.png */,
				FB1EA1301669E39B002B93EF /* stick.png */,
				FB1EA1311669E39B002B93EF /* stick@2x.png */,
				FB1EA1321669E39B002B93EF /* ZSPinAnnotation.h */,
				FB1EA1331669E39B002B93EF /* ZSPinAnnotation.m */,
			);
			path = ZSPinAnnotation;
			sourceTree = "<group>";
		};
		FBB1CDAD15C3F3E4000D168E = {
			isa = PBXGroup;
			children = (
				A1044B30165CCD82002DC3E1 /* Configs */,
				FBB1CDC215C3F3E4000D168E /* Resilience */,
				A1044B17165CCB71002DC3E1 /* KiwiUnitTest */,
				FBB1CDBB15C3F3E4000D168E /* Frameworks */,
				FBB1CDB915C3F3E4000D168E /* Products */,
			);
			sourceTree = "<group>";
		};
		FBB1CDB915C3F3E4000D168E /* Products */ = {
			isa = PBXGroup;
			children = (
				FBB1CDB815C3F3E4000D168E /* Resilience.app */,
				A1044B13165CCB70002DC3E1 /* KiwiUnitTest.octest */,
			);
			name = Products;
			sourceTree = "<group>";
		};
		FBB1CDBB15C3F3E4000D168E /* Frameworks */ = {
			isa = PBXGroup;
			children = (
				8927C7B4166AE61800D501B5 /* ImageIO.framework */,
				FB1EA13D1669F8D4002B93EF /* CoreLocation.framework */,
				FB1EA1211669E2F6002B93EF /* MapKit.framework */,
				A1DDA5A31669C591003A21C0 /* MobileCoreServices.framework */,
				A1DDA5A01669C3F9003A21C0 /* SystemConfiguration.framework */,
				A1DDA5761668DDFE003A21C0 /* QuartzCore.framework */,
				FBB1CDBC15C3F3E4000D168E /* UIKit.framework */,
				FBB1CDBE15C3F3E4000D168E /* Foundation.framework */,
				FBB1CDC015C3F3E4000D168E /* CoreGraphics.framework */,
				FBB1CDE815C3F3E4000D168E /* SenTestingKit.framework */,
				DD42F235B7AD4535AB41FD22 /* libPods-KiwiUnitTest.a */,
				C1FC1857335340F486B2BB90 /* libPods.a */,
			);
			name = Frameworks;
			sourceTree = "<group>";
		};
		FBB1CDC215C3F3E4000D168E /* Resilience */ = {
			isa = PBXGroup;
			children = (
				FB1EA1241669E31F002B93EF /* Markers */,
				A1DDA4B816661F34003A21C0 /* Assets */,
				A1DDA47816661980003A21C0 /* Controllers */,
				FBB1CDCB15C3F3E4000D168E /* AppDelegate.h */,
				FBB1CDCC15C3F3E4000D168E /* AppDelegate.m */,
				FBB1CDD715C3F3E4000D168E /* first.png */,
				FBB1CDD915C3F3E4000D168E /* first@2x.png */,
				FBB1CDDE15C3F3E4000D168E /* second.png */,
				FBB1CDE015C3F3E4000D168E /* second@2x.png */,
				FBB1CDC315C3F3E4000D168E /* Supporting Files */,
				2DC18D0F0EB804C787291455 /* Models */,
				2DC1816390D85C804900DC13 /* Clients */,
				2DC18CD5D5E91A5CBC3C5A98 /* Style */,
				2DC18F9745EB4C28FE5E7E15 /* Views */,
			);
			path = Resilience;
			sourceTree = "<group>";
		};
		FBB1CDC315C3F3E4000D168E /* Supporting Files */ = {
			isa = PBXGroup;
			children = (
				FBB1CDC415C3F3E4000D168E /* Resilience-Info.plist */,
				FBB1CDC515C3F3E4000D168E /* InfoPlist.strings */,
				FBB1CDC815C3F3E4000D168E /* main.m */,
				FBB1CDCA15C3F3E4000D168E /* Resilience-Prefix.pch */,
			);
			name = "Supporting Files";
			sourceTree = "<group>";
		};
/* End PBXGroup section */

/* Begin PBXNativeTarget section */
		A1044B12165CCB70002DC3E1 /* KiwiUnitTest */ = {
			isa = PBXNativeTarget;
			buildConfigurationList = A1044B21165CCB71002DC3E1 /* Build configuration list for PBXNativeTarget "KiwiUnitTest" */;
			buildPhases = (
				A1044B0E165CCB70002DC3E1 /* Sources */,
				A1044B0F165CCB70002DC3E1 /* Frameworks */,
				A1044B10165CCB70002DC3E1 /* Resources */,
				A1044B11165CCB70002DC3E1 /* ShellScript */,
				D8EA6BB4D187471B91AFD7E3 /* Copy Pods Resources */,
			);
			buildRules = (
			);
			dependencies = (
			);
			name = KiwiUnitTest;
			productName = KiwiUnitTest;
			productReference = A1044B13165CCB70002DC3E1 /* KiwiUnitTest.octest */;
			productType = "com.apple.product-type.bundle";
		};
		FBB1CDB715C3F3E4000D168E /* Resilience */ = {
			isa = PBXNativeTarget;
			buildConfigurationList = FBB1CDF915C3F3E5000D168E /* Build configuration list for PBXNativeTarget "Resilience" */;
			buildPhases = (
				FBB1CDB415C3F3E4000D168E /* Sources */,
				FBB1CDB515C3F3E4000D168E /* Frameworks */,
				FBB1CDB615C3F3E4000D168E /* Resources */,
				24FE5AB0E662423BB299FAB1 /* Copy Pods Resources */,
			);
			buildRules = (
			);
			dependencies = (
			);
			name = Resilience;
			productName = Resilience;
			productReference = FBB1CDB815C3F3E4000D168E /* Resilience.app */;
			productType = "com.apple.product-type.application";
		};
/* End PBXNativeTarget section */

/* Begin PBXProject section */
		FBB1CDAF15C3F3E4000D168E /* Project object */ = {
			isa = PBXProject;
			attributes = {
				CLASSPREFIX = "";
				LastUpgradeCheck = 0440;
				ORGANIZATIONNAME = RHoK;
			};
			buildConfigurationList = FBB1CDB215C3F3E4000D168E /* Build configuration list for PBXProject "Resilience" */;
			compatibilityVersion = "Xcode 3.2";
			developmentRegion = English;
			hasScannedForEncodings = 0;
			knownRegions = (
				en,
			);
			mainGroup = FBB1CDAD15C3F3E4000D168E;
			productRefGroup = FBB1CDB915C3F3E4000D168E /* Products */;
			projectDirPath = "";
			projectRoot = "";
			targets = (
				FBB1CDB715C3F3E4000D168E /* Resilience */,
				A1044B12165CCB70002DC3E1 /* KiwiUnitTest */,
			);
		};
/* End PBXProject section */

/* Begin PBXResourcesBuildPhase section */
		A1044B10165CCB70002DC3E1 /* Resources */ = {
			isa = PBXResourcesBuildPhase;
			buildActionMask = 2147483647;
			files = (
				A1044B1C165CCB71002DC3E1 /* InfoPlist.strings in Resources */,
			);
			runOnlyForDeploymentPostprocessing = 0;
		};
		FBB1CDB615C3F3E4000D168E /* Resources */ = {
			isa = PBXResourcesBuildPhase;
			buildActionMask = 2147483647;
			files = (
				FBB1CDC715C3F3E4000D168E /* InfoPlist.strings in Resources */,
				FBB1CDD815C3F3E4000D168E /* first.png in Resources */,
				FBB1CDDA15C3F3E4000D168E /* first@2x.png in Resources */,
				FBB1CDDF15C3F3E4000D168E /* second.png in Resources */,
				FBB1CDE115C3F3E4000D168E /* second@2x.png in Resources */,
				A1044B34165CD18D002DC3E1 /* config-release.xcconfig in Resources */,
				A1044B35165CD18D002DC3E1 /* config-debug.xcconfig in Resources */,
				A1044B36165CD18D002DC3E1 /* config-common.xcconfig in Resources */,
				A1DDA4D516661F34003A21C0 /* AddButton.png in Resources */,
				A1DDA4D616661F34003A21C0 /* AddButton@2x.png in Resources */,
				A1DDA4D716661F34003A21C0 /* LeftControlDeselected.png in Resources */,
				A1DDA4D816661F34003A21C0 /* LeftControlDeselected@2x.png in Resources */,
				A1DDA4D916661F34003A21C0 /* LeftControlSelected.png in Resources */,
				A1DDA4DA16661F34003A21C0 /* LeftControlSelected@2x.png in Resources */,
				A1DDA4DB16661F34003A21C0 /* RightControlDeselected.png in Resources */,
				A1DDA4DC16661F34003A21C0 /* RightControlDeselected@2x.png in Resources */,
				A1DDA4DD16661F34003A21C0 /* RightControlSelected.png in Resources */,
				A1DDA4DE16661F34003A21C0 /* RightControlSelected@2x.png in Resources */,
				A1DDA4DF16661F34003A21C0 /* TabBar-IssueList.png in Resources */,
				A1DDA4E016661F34003A21C0 /* TabBar-IssueList@2x.png in Resources */,
				A1DDA4E116661F34003A21C0 /* TabBar-IssueListSelected.png in Resources */,
				A1DDA4E216661F34003A21C0 /* TabBar-IssueListSelected@2x.png in Resources */,
				A1DDA4E316661F34003A21C0 /* TabBar-IssueMap.png in Resources */,
				A1DDA4E416661F34003A21C0 /* TabBar-IssueMap@2x.png in Resources */,
				A1DDA4E516661F34003A21C0 /* TabBar-IssueMapSelected.png in Resources */,
				A1DDA4E616661F34003A21C0 /* TabBar-IssueMapSelected@2x.png in Resources */,
				A1DDA4E716661F34003A21C0 /* TabBarSelection.png in Resources */,
				A1DDA4E816661F34003A21C0 /* TabBarSelection@2x.png in Resources */,
				A1DDA4E916661F34003A21C0 /* TitleBar-Direction.png in Resources */,
				A1DDA4EA16661F34003A21C0 /* TitleBar-Direction@2x.png in Resources */,
				A1DDA4EB16661F34003A21C0 /* TitleBar-DirectionHiLite.png in Resources */,
				A1DDA4EC16661F34003A21C0 /* TitleBar-DirectionHiLite@2x.png in Resources */,
				A1DDA4ED16661F34003A21C0 /* TitleBar.png in Resources */,
				A1DDA4EE16661F34003A21C0 /* TitleBar@2x.png in Resources */,
				A1DDA4EF16661F34003A21C0 /* TitleBarOverlap.png in Resources */,
				A1DDA4F016661F34003A21C0 /* TitleBarOverlap@2x.png in Resources */,
				FB1EA1351669E39B002B93EF /* color.png in Resources */,
				FB1EA1361669E39B002B93EF /* color@2x.png in Resources */,
				FB1EA1371669E39B002B93EF /* README.md in Resources */,
				FB1EA1381669E39B002B93EF /* shading.png in Resources */,
				FB1EA1391669E39B002B93EF /* shading@2x.png in Resources */,
				FB1EA13A1669E39B002B93EF /* stick.png in Resources */,
				FB1EA13B1669E39B002B93EF /* stick@2x.png in Resources */,
				A19A78F3166AD88400A49071 /* air.png in Resources */,
				A19A78F4166AD88400A49071 /* air@2x.png in Resources */,
				A19A78F5166AD88400A49071 /* fire.png in Resources */,
				A19A78F6166AD88400A49071 /* fire@2x.png in Resources */,
				A19A78F9166AD94800A49071 /* water.png in Resources */,
				A19A78FA166AD94800A49071 /* water@2x.png in Resources */,
			);
			runOnlyForDeploymentPostprocessing = 0;
		};
/* End PBXResourcesBuildPhase section */

/* Begin PBXShellScriptBuildPhase section */
		24FE5AB0E662423BB299FAB1 /* Copy Pods Resources */ = {
			isa = PBXShellScriptBuildPhase;
			buildActionMask = 2147483647;
			files = (
			);
			inputPaths = (
			);
			name = "Copy Pods Resources";
			outputPaths = (
			);
			runOnlyForDeploymentPostprocessing = 0;
			shellPath = /bin/sh;
			shellScript = "\"${SRCROOT}/Pods/Pods-resources.sh\"\n";
		};
		A1044B11165CCB70002DC3E1 /* ShellScript */ = {
			isa = PBXShellScriptBuildPhase;
			buildActionMask = 2147483647;
			files = (
			);
			inputPaths = (
			);
			outputPaths = (
			);
			runOnlyForDeploymentPostprocessing = 0;
			shellPath = /bin/sh;
			shellScript = "# Run the unit tests in this test bundle.\n\"${SYSTEM_DEVELOPER_DIR}/Tools/RunUnitTests\"\n";
		};
		D8EA6BB4D187471B91AFD7E3 /* Copy Pods Resources */ = {
			isa = PBXShellScriptBuildPhase;
			buildActionMask = 2147483647;
			files = (
			);
			inputPaths = (
			);
			name = "Copy Pods Resources";
			outputPaths = (
			);
			runOnlyForDeploymentPostprocessing = 0;
			shellPath = /bin/sh;
			shellScript = "\"${SRCROOT}/Pods/Pods-KiwiUnitTest-resources.sh\"\n";
		};
/* End PBXShellScriptBuildPhase section */

/* Begin PBXSourcesBuildPhase section */
		A1044B0E165CCB70002DC3E1 /* Sources */ = {
			isa = PBXSourcesBuildPhase;
			buildActionMask = 2147483647;
			files = (
				A1044B85165CDA42002DC3E1 /* ResillienceSpec.m in Sources */,
			);
			runOnlyForDeploymentPostprocessing = 0;
		};
		FBB1CDB415C3F3E4000D168E /* Sources */ = {
			isa = PBXSourcesBuildPhase;
			buildActionMask = 2147483647;
			files = (
				FBB1CDC915C3F3E4000D168E /* main.m in Sources */,
				FBB1CDCD15C3F3E4000D168E /* AppDelegate.m in Sources */,
				A1DDA47D16661980003A21C0 /* IssueMapViewController.m in Sources */,
				A1DDA47E16661980003A21C0 /* IssueListViewController.m in Sources */,
				2DC18258FD9DDF558C3C3F91 /* RootViewController.m in Sources */,
				2DC18959D9F57F94AF1540A4 /* Incident.m in Sources */,
				2DC184F50FA121D494252633 /* ParseClient.m in Sources */,
				2DC18E1F69BEE156C4E9ADE3 /* AddIncidentViewController.m in Sources */,
				FB1EA1271669E38D002B93EF /* WaypointAnnotation.m in Sources */,
				FB1EA1341669E39B002B93EF /* Annotation.m in Sources */,
				FB1EA13C1669E39B002B93EF /* ZSPinAnnotation.m in Sources */,
				2DC187F17BC56D25002EA972 /* UITextField+Resilience.m in Sources */,
				2DC18A2B60EAB74BA3A4B91F /* IncidentCell.m in Sources */,
				2DC18E45DB4B195DF781B617 /* UIColor+Resilience.m in Sources */,
				8927C79D166ADDC500D501B5 /* IssueViewController.m in Sources */,
				2DC18079D372B6042178CF88 /* IncidentCategory.m in Sources */,
				2DC185A36255E00E25B9F5EC /* IncidentCategory+Image.m in Sources */,
				2DC186DF5FE3CFA047FE1EFA /* IncidentCategory+Waypoint.m in Sources */,
			);
			runOnlyForDeploymentPostprocessing = 0;
		};
/* End PBXSourcesBuildPhase section */

/* Begin PBXVariantGroup section */
		A1044B1A165CCB71002DC3E1 /* InfoPlist.strings */ = {
			isa = PBXVariantGroup;
			children = (
				A1044B1B165CCB71002DC3E1 /* en */,
			);
			name = InfoPlist.strings;
			sourceTree = "<group>";
		};
		FBB1CDC515C3F3E4000D168E /* InfoPlist.strings */ = {
			isa = PBXVariantGroup;
			children = (
				FBB1CDC615C3F3E4000D168E /* en */,
			);
			name = InfoPlist.strings;
			sourceTree = "<group>";
		};
/* End PBXVariantGroup section */

/* Begin XCBuildConfiguration section */
		A1044B22165CCB71002DC3E1 /* Debug */ = {
			isa = XCBuildConfiguration;
			baseConfigurationReference = A1044BA01660889B002DC3E1 /* config-test.xcconfig */;
			buildSettings = {
				CLANG_CXX_LIBRARY = "libc++";
				CLANG_WARN_EMPTY_BODY = YES;
				FRAMEWORK_SEARCH_PATHS = (
					"\"$(SDKROOT)/Developer/Library/Frameworks\"",
					"\"$(DEVELOPER_LIBRARY_DIR)/Frameworks\"",
				);
				GCC_PRECOMPILE_PREFIX_HEADER = YES;
				GCC_PREFIX_HEADER = "KiwiUnitTest/KiwiUnitTest-Prefix.pch";
				INFOPLIST_FILE = "KiwiUnitTest/KiwiUnitTest-Info.plist";
				ONLY_ACTIVE_ARCH = YES;
				PRODUCT_NAME = "$(TARGET_NAME)";
				WRAPPER_EXTENSION = octest;
			};
			name = Debug;
		};
		A1044B23165CCB71002DC3E1 /* Release */ = {
			isa = XCBuildConfiguration;
			baseConfigurationReference = A1044BA01660889B002DC3E1 /* config-test.xcconfig */;
			buildSettings = {
				CLANG_CXX_LIBRARY = "libc++";
				CLANG_WARN_EMPTY_BODY = YES;
				FRAMEWORK_SEARCH_PATHS = (
					"\"$(SDKROOT)/Developer/Library/Frameworks\"",
					"\"$(DEVELOPER_LIBRARY_DIR)/Frameworks\"",
				);
				GCC_PRECOMPILE_PREFIX_HEADER = YES;
				GCC_PREFIX_HEADER = "KiwiUnitTest/KiwiUnitTest-Prefix.pch";
				INFOPLIST_FILE = "KiwiUnitTest/KiwiUnitTest-Info.plist";
				PRODUCT_NAME = "$(TARGET_NAME)";
				WRAPPER_EXTENSION = octest;
			};
			name = Release;
		};
		FBB1CDF715C3F3E5000D168E /* Debug */ = {
			isa = XCBuildConfiguration;
			buildSettings = {
				ALWAYS_SEARCH_USER_PATHS = NO;
				ARCHS = "$(ARCHS_STANDARD_32_BIT)";
				CLANG_CXX_LANGUAGE_STANDARD = "gnu++0x";
				CLANG_ENABLE_OBJC_ARC = YES;
				CLANG_WARN__DUPLICATE_METHOD_MATCH = YES;
				"CODE_SIGN_IDENTITY[sdk=iphoneos*]" = "iPhone Developer";
				COPY_PHASE_STRIP = NO;
				GCC_C_LANGUAGE_STANDARD = gnu99;
				GCC_DYNAMIC_NO_PIC = NO;
				GCC_OPTIMIZATION_LEVEL = 0;
				GCC_PREPROCESSOR_DEFINITIONS = (
					"DEBUG=1",
					"$(inherited)",
				);
				GCC_SYMBOLS_PRIVATE_EXTERN = NO;
				GCC_VERSION = com.apple.compilers.llvm.clang.1_0;
				GCC_WARN_ABOUT_RETURN_TYPE = YES;
				GCC_WARN_UNINITIALIZED_AUTOS = YES;
				GCC_WARN_UNUSED_VARIABLE = YES;
				IPHONEOS_DEPLOYMENT_TARGET = 6.0;
				SDKROOT = iphoneos;
				TARGETED_DEVICE_FAMILY = "1,2";
			};
			name = Debug;
		};
		FBB1CDF815C3F3E5000D168E /* Release */ = {
			isa = XCBuildConfiguration;
			buildSettings = {
				ALWAYS_SEARCH_USER_PATHS = NO;
				ARCHS = "$(ARCHS_STANDARD_32_BIT)";
				CLANG_CXX_LANGUAGE_STANDARD = "gnu++0x";
				CLANG_ENABLE_OBJC_ARC = YES;
				CLANG_WARN__DUPLICATE_METHOD_MATCH = YES;
				"CODE_SIGN_IDENTITY[sdk=iphoneos*]" = "iPhone Developer";
				COPY_PHASE_STRIP = YES;
				GCC_C_LANGUAGE_STANDARD = gnu99;
				GCC_VERSION = com.apple.compilers.llvm.clang.1_0;
				GCC_WARN_ABOUT_RETURN_TYPE = YES;
				GCC_WARN_UNINITIALIZED_AUTOS = YES;
				GCC_WARN_UNUSED_VARIABLE = YES;
				IPHONEOS_DEPLOYMENT_TARGET = 6.0;
				OTHER_CFLAGS = "-DNS_BLOCK_ASSERTIONS=1";
				SDKROOT = iphoneos;
				TARGETED_DEVICE_FAMILY = "1,2";
				VALIDATE_PRODUCT = YES;
			};
			name = Release;
		};
		FBB1CDFA15C3F3E5000D168E /* Debug */ = {
			isa = XCBuildConfiguration;
			baseConfigurationReference = A1044B32165CD18C002DC3E1 /* config-debug.xcconfig */;
			buildSettings = {
				GCC_PRECOMPILE_PREFIX_HEADER = YES;
				GCC_PREFIX_HEADER = "Resilience/Resilience-Prefix.pch";
				INFOPLIST_FILE = "Resilience/Resilience-Info.plist";
				PRODUCT_NAME = "$(TARGET_NAME)";
				WRAPPER_EXTENSION = app;
			};
			name = Debug;
		};
		FBB1CDFB15C3F3E5000D168E /* Release */ = {
			isa = XCBuildConfiguration;
			baseConfigurationReference = A1044B31165CD18C002DC3E1 /* config-release.xcconfig */;
			buildSettings = {
				GCC_PRECOMPILE_PREFIX_HEADER = YES;
				GCC_PREFIX_HEADER = "Resilience/Resilience-Prefix.pch";
				INFOPLIST_FILE = "Resilience/Resilience-Info.plist";
				PRODUCT_NAME = "$(TARGET_NAME)";
				WRAPPER_EXTENSION = app;
			};
			name = Release;
		};
/* End XCBuildConfiguration section */

/* Begin XCConfigurationList section */
		A1044B21165CCB71002DC3E1 /* Build configuration list for PBXNativeTarget "KiwiUnitTest" */ = {
			isa = XCConfigurationList;
			buildConfigurations = (
				A1044B22165CCB71002DC3E1 /* Debug */,
				A1044B23165CCB71002DC3E1 /* Release */,
			);
			defaultConfigurationIsVisible = 0;
			defaultConfigurationName = Release;
		};
		FBB1CDB215C3F3E4000D168E /* Build configuration list for PBXProject "Resilience" */ = {
			isa = XCConfigurationList;
			buildConfigurations = (
				FBB1CDF715C3F3E5000D168E /* Debug */,
				FBB1CDF815C3F3E5000D168E /* Release */,
			);
			defaultConfigurationIsVisible = 0;
			defaultConfigurationName = Release;
		};
		FBB1CDF915C3F3E5000D168E /* Build configuration list for PBXNativeTarget "Resilience" */ = {
			isa = XCConfigurationList;
			buildConfigurations = (
				FBB1CDFA15C3F3E5000D168E /* Debug */,
				FBB1CDFB15C3F3E5000D168E /* Release */,
			);
			defaultConfigurationIsVisible = 0;
			defaultConfigurationName = Release;
		};
/* End XCConfigurationList section */
	};
	rootObject = FBB1CDAF15C3F3E4000D168E /* Project object */;
}
